// !$*UTF8*$!
{
	archiveVersion = 1;
	classes = {
	};
	objectVersion = 77;
	objects = {

/* Begin PBXBuildFile section */
		05C8BDE23199A429DED676F8 /* OrangeLenDocumentBroker.xpc in CopyFiles */ = {isa = PBXBuildFile; fileRef = 917452DD098A21DFE494EEBE /* OrangeLenDocumentBroker.xpc */; settings = {ATTRIBUTES = (CodeSignOnCopy, RemoveHeadersOnCopy, ); }; };
		0C38BFEF2B1D7A5FEAD57B3E /* OrangeLenUI in Frameworks */ = {isa = PBXBuildFile; productRef = 30D1B581E05B8E0516C61C8D /* OrangeLenUI */; };
		0D04EC9F23FF78F16AB4093F /* InfoPlist.strings in Resources */ = {isa = PBXBuildFile; fileRef = 5CFE49F24C75E3B38515972C /* InfoPlist.strings */; };
		0FB153AE8BBC5EAD24C99574 /* SystemPreviewTests.swift in Sources */ = {isa = PBXBuildFile; fileRef = 188ADBC3AF60465B6FCEE1D3 /* SystemPreviewTests.swift */; };
		15D80906AE78D0EAE381A238 /* InfoPlist.strings in Resources */ = {isa = PBXBuildFile; fileRef = 7E95764F6EFEA27A96027B7B /* InfoPlist.strings */; };
		19AD63C015430292C7A80086 /* InfoPlist.strings in Resources */ = {isa = PBXBuildFile; fileRef = BF32490C5C399DBA615C2D8D /* InfoPlist.strings */; };
		1A3F0BE9CE913CA59E44FF97 /* OrangeLenCore in Frameworks */ = {isa = PBXBuildFile; productRef = 72A62C92F98ADD9FC9E6A66A /* OrangeLenCore */; };
		1F6075BD796B19EBF0906791 /* OrangeLenUI in Frameworks */ = {isa = PBXBuildFile; productRef = FC4D73868231FF7143F14A2D /* OrangeLenUI */; };
		21E9094206A9554948B8CC69 /* PreviewViewController.swift in Sources */ = {isa = PBXBuildFile; fileRef = 46850D4CAFD9853701455F26 /* PreviewViewController.swift */; };
		28A1AF05720B32F6864B2E96 /* OrangeLenPreview.appex in Embed Foundation Extensions */ = {isa = PBXBuildFile; fileRef = 631148E1C638A5B37CD01B2C /* OrangeLenPreview.appex */; settings = {ATTRIBUTES = (RemoveHeadersOnCopy, ); }; };
		2BC9FA5C4EB4E5336C5DD1B3 /* SettingsView.swift in Sources */ = {isa = PBXBuildFile; fileRef = 3C6C80D93133D02E9E0D26EA /* SettingsView.swift */; };
		2F20B7C9942AE2A85D15E69D /* main.swift in Sources */ = {isa = PBXBuildFile; fileRef = 7E4A7F21DE09B1A311246A83 /* main.swift */; };
		2F21B6268BBC6B7BE61ABB03 /* DiagnosticsController.swift in Sources */ = {isa = PBXBuildFile; fileRef = A7CFE2CE31C8A844C064A360 /* DiagnosticsController.swift */; };
		30F198EC319C2AA0BAEB5B80 /* OrangeLenImageBroker.xpc in CopyFiles */ = {isa = PBXBuildFile; fileRef = 6CE15E970B05A653E744B264 /* OrangeLenImageBroker.xpc */; settings = {ATTRIBUTES = (CodeSignOnCopy, RemoveHeadersOnCopy, ); }; };
		3462E61D4BE3F99EC4DA0F79 /* OrangeLenImageBroker.xpc in CopyFiles */ = {isa = PBXBuildFile; fileRef = 6CE15E970B05A653E744B264 /* OrangeLenImageBroker.xpc */; settings = {ATTRIBUTES = (CodeSignOnCopy, RemoveHeadersOnCopy, ); }; };
		3C3017379736E71063C01BE1 /* InfoPlist.strings in Resources */ = {isa = PBXBuildFile; fileRef = 376638465D02AD59E096E000 /* InfoPlist.strings */; };
		3CDB69EA4068751110275771 /* OrangeLenDocumentBroker.xpc in CopyFiles */ = {isa = PBXBuildFile; fileRef = 917452DD098A21DFE494EEBE /* OrangeLenDocumentBroker.xpc */; settings = {ATTRIBUTES = (CodeSignOnCopy, RemoveHeadersOnCopy, ); }; };
		3FB37B3DDA4DEFF9F1EB39D1 /* OrangeLenUI in Frameworks */ = {isa = PBXBuildFile; productRef = CDECED808730D628044615F7 /* OrangeLenUI */; };
		3FC658D6CC7D1C644A120A23 /* OrangeLenDocumentBroker.xpc in CopyFiles */ = {isa = PBXBuildFile; fileRef = 917452DD098A21DFE494EEBE /* OrangeLenDocumentBroker.xpc */; settings = {ATTRIBUTES = (CodeSignOnCopy, RemoveHeadersOnCopy, ); }; };
		4268976FE62529925996941D /* OrangeLenImageBroker.xpc in CopyFiles */ = {isa = PBXBuildFile; fileRef = 6CE15E970B05A653E744B264 /* OrangeLenImageBroker.xpc */; settings = {ATTRIBUTES = (CodeSignOnCopy, RemoveHeadersOnCopy, ); }; };
		44AFA5C73E7CF5D3227A86E7 /* OrangeLenUI in Frameworks */ = {isa = PBXBuildFile; productRef = 61C00F684C7EE5F46DB43F64 /* OrangeLenUI */; };
		4777E9A5085648C95743833E /* OrangeLenDocumentBroker.xpc in CopyFiles */ = {isa = PBXBuildFile; fileRef = 917452DD098A21DFE494EEBE /* OrangeLenDocumentBroker.xpc */; settings = {ATTRIBUTES = (CodeSignOnCopy, RemoveHeadersOnCopy, ); }; };
		493029742D73EFEA9E5DEDDD /* OrangeLenUI in Frameworks */ = {isa = PBXBuildFile; productRef = 2241A87AFA321FA146A5A54A /* OrangeLenUI */; };
		4F7755F6E3F2D690C35CFE65 /* OrangeLenUI in Frameworks */ = {isa = PBXBuildFile; productRef = 98A78709DAF88A62C1BBE8CC /* OrangeLenUI */; };
		5415C7D7B4A889495DF3D1D4 /* OrangeLenPreviewBooks.appex in Embed Foundation Extensions */ = {isa = PBXBuildFile; fileRef = 24B3496B829824C1D185E6DC /* OrangeLenPreviewBooks.appex */; settings = {ATTRIBUTES = (RemoveHeadersOnCopy, ); }; };
		587123F932FB3B1C2870BF36 /* PreviewViewController.swift in Sources */ = {isa = PBXBuildFile; fileRef = 46850D4CAFD9853701455F26 /* PreviewViewController.swift */; };
		5DC2FEE7BD7A19D773F8DEC5 /* OrangeLenImageBroker.xpc in CopyFiles */ = {isa = PBXBuildFile; fileRef = 6CE15E970B05A653E744B264 /* OrangeLenImageBroker.xpc */; settings = {ATTRIBUTES = (CodeSignOnCopy, RemoveHeadersOnCopy, ); }; };
		5E72C8535DF0A1668A4B76B0 /* PreviewViewController.swift in Sources */ = {isa = PBXBuildFile; fileRef = 46850D4CAFD9853701455F26 /* PreviewViewController.swift */; };
		68DE08474737FF3A1635F83A /* PreviewViewController.swift in Sources */ = {isa = PBXBuildFile; fileRef = 46850D4CAFD9853701455F26 /* PreviewViewController.swift */; };
		6F2D055D1BDBB73AFFE80162 /* OrangeLenCore in Frameworks */ = {isa = PBXBuildFile; productRef = F73635A29527A436FE4E7D8E /* OrangeLenCore */; };
		725011E5452FA98438BAF813 /* OrangeLenUI in Frameworks */ = {isa = PBXBuildFile; productRef = 42C5F839A6EC25E572872E32 /* OrangeLenUI */; };
		7988D6BBAF6C52D9D30DC664 /* OrangeLenPreviewDrawings.appex in Embed Foundation Extensions */ = {isa = PBXBuildFile; fileRef = 34C12098DA5CCF0139297252 /* OrangeLenPreviewDrawings.appex */; settings = {ATTRIBUTES = (RemoveHeadersOnCopy, ); }; };
		7BB541DF9B481FC8EDE53914 /* PreviewViewController.swift in Sources */ = {isa = PBXBuildFile; fileRef = 46850D4CAFD9853701455F26 /* PreviewViewController.swift */; };
		8706C8A8963730F54D8D3E11 /* OrangeLenPreviewArchives.appex in Embed Foundation Extensions */ = {isa = PBXBuildFile; fileRef = AD4640A95742B9EB4F366FF3 /* OrangeLenPreviewArchives.appex */; settings = {ATTRIBUTES = (RemoveHeadersOnCopy, ); }; };
		8F4D5DCB9809FF86617C10D0 /* OrangeLenImageBroker.xpc in CopyFiles */ = {isa = PBXBuildFile; fileRef = 6CE15E970B05A653E744B264 /* OrangeLenImageBroker.xpc */; settings = {ATTRIBUTES = (CodeSignOnCopy, RemoveHeadersOnCopy, ); }; };
		92EE5F047E3C53FA021FAD49 /* PreviewViewController.swift in Sources */ = {isa = PBXBuildFile; fileRef = 46850D4CAFD9853701455F26 /* PreviewViewController.swift */; };
		95915DA21E2F720D0C1EDDFD /* OrangeLenUI in Frameworks */ = {isa = PBXBuildFile; productRef = 769FE336D3C1796ABA6EFD1C /* OrangeLenUI */; };
		99331880947BB0F09D046706 /* OrangeLenPreviewFolders.appex in Embed Foundation Extensions */ = {isa = PBXBuildFile; fileRef = 8AB48C5DA4CFEF654C8AC3A2 /* OrangeLenPreviewFolders.appex */; settings = {ATTRIBUTES = (RemoveHeadersOnCopy, ); }; };
		A3EBA937467EBBCA83816904 /* InfoPlist.strings in Resources */ = {isa = PBXBuildFile; fileRef = 22E6E41E0C7DAC86E3CDD0EC /* InfoPlist.strings */; };
		B1624824B2C0A1449D3B7D79 /* OrangeLenDocumentBroker.xpc in CopyFiles */ = {isa = PBXBuildFile; fileRef = 917452DD098A21DFE494EEBE /* OrangeLenDocumentBroker.xpc */; settings = {ATTRIBUTES = (CodeSignOnCopy, RemoveHeadersOnCopy, ); }; };
		B8D882EBD2F839BB2332B306 /* system-preview in Resources */ = {isa = PBXBuildFile; fileRef = 4A280EAD091BC0C5F998AE97 /* system-preview */; };
		BB3CC9128971381E4835A911 /* PreviewViewController.swift in Sources */ = {isa = PBXBuildFile; fileRef = 46850D4CAFD9853701455F26 /* PreviewViewController.swift */; };
		BE8A75D4B9AF4B737AB23C38 /* OrangeLenImageBroker.xpc in CopyFiles */ = {isa = PBXBuildFile; fileRef = 6CE15E970B05A653E744B264 /* OrangeLenImageBroker.xpc */; settings = {ATTRIBUTES = (CodeSignOnCopy, RemoveHeadersOnCopy, ); }; };
		C215C10E9849437A05B1ABD7 /* RemoteImageLoader.swift in Sources */ = {isa = PBXBuildFile; fileRef = 70E9E6773BC8553CEA9B9450 /* RemoteImageLoader.swift */; };
		C6C851933732575121AB67BF /* OrangeLenPreviewMarkdown.appex in Embed Foundation Extensions */ = {isa = PBXBuildFile; fileRef = 9981EDC498A386CD75DC631F /* OrangeLenPreviewMarkdown.appex */; settings = {ATTRIBUTES = (RemoveHeadersOnCopy, ); }; };
		C7492083004FCD317FC48759 /* OrangeLenUI in Frameworks */ = {isa = PBXBuildFile; productRef = 45EBDEFE651FB624FE12337A /* OrangeLenUI */; };
		CA2FD75B4350EB7DFE285B35 /* OrangeLenPreviewData.appex in Embed Foundation Extensions */ = {isa = PBXBuildFile; fileRef = E49AD9795C8113A4D5A8F91A /* OrangeLenPreviewData.appex */; settings = {ATTRIBUTES = (RemoveHeadersOnCopy, ); }; };
		CB8B8FA8B981A59C5639BA77 /* OrangeLenDocumentBroker.xpc in CopyFiles */ = {isa = PBXBuildFile; fileRef = 917452DD098A21DFE494EEBE /* OrangeLenDocumentBroker.xpc */; settings = {ATTRIBUTES = (CodeSignOnCopy, RemoveHeadersOnCopy, ); }; };
		CCDC21152EC8048F9058EF19 /* OrangeLenCore in Frameworks */ = {isa = PBXBuildFile; productRef = BFFB72289C463838E6D70059 /* OrangeLenCore */; };
		D1F73514119A4F8E9A3473C2 /* InfoPlist.strings in Resources */ = {isa = PBXBuildFile; fileRef = 7E8834C35609AA40FC1124B4 /* InfoPlist.strings */; };
		D42761C094BB76960838C3C8 /* InfoPlist.strings in Resources */ = {isa = PBXBuildFile; fileRef = DACC1A74FE60C19B7F5BD1F2 /* InfoPlist.strings */; };
		D5724D6BD530518BD0C5BA9A /* OrangeLenDocumentBroker.xpc in CopyFiles */ = {isa = PBXBuildFile; fileRef = 917452DD098A21DFE494EEBE /* OrangeLenDocumentBroker.xpc */; settings = {ATTRIBUTES = (CodeSignOnCopy, RemoveHeadersOnCopy, ); }; };
		D69A91A43BF19BB59115BC9A /* main.swift in Sources */ = {isa = PBXBuildFile; fileRef = 7558F04181657A40F83299DE /* main.swift */; };
		DFA8156682C32102EF54B039 /* OrangeLenDocumentBroker.xpc in CopyFiles */ = {isa = PBXBuildFile; fileRef = 917452DD098A21DFE494EEBE /* OrangeLenDocumentBroker.xpc */; settings = {ATTRIBUTES = (CodeSignOnCopy, RemoveHeadersOnCopy, ); }; };
		EE61DCE5940BA3A412D774E6 /* OrangeLenImageBroker.xpc in CopyFiles */ = {isa = PBXBuildFile; fileRef = 6CE15E970B05A653E744B264 /* OrangeLenImageBroker.xpc */; settings = {ATTRIBUTES = (CodeSignOnCopy, RemoveHeadersOnCopy, ); }; };
		EE8BE7DE3DAEBF699448BC20 /* OrangeLenDocumentBroker.xpc in CopyFiles */ = {isa = PBXBuildFile; fileRef = 917452DD098A21DFE494EEBE /* OrangeLenDocumentBroker.xpc */; settings = {ATTRIBUTES = (CodeSignOnCopy, RemoveHeadersOnCopy, ); }; };
		F19578AED0388D7F8AC8A294 /* AppDelegate.swift in Sources */ = {isa = PBXBuildFile; fileRef = 59C0B5EC560B315CB477FDD2 /* AppDelegate.swift */; };
		F2766B2ACBA0B7F0E0D49BC1 /* main.swift in Sources */ = {isa = PBXBuildFile; fileRef = FFD50AEE4082E38C47243334 /* main.swift */; };
/* End PBXBuildFile section */

/* Begin PBXContainerItemProxy section */
		068E3BD7F44E9101D3CBC523 /* PBXContainerItemProxy */ = {
			isa = PBXContainerItemProxy;
			containerPortal = 53FBB2D914FB24BEDE6AD2DF /* Project object */;
			proxyType = 1;
			remoteGlobalIDString = DEEA597A955A6DF9C1DFC434;
			remoteInfo = OrangeLenDocumentBroker;
		};
		130BAC92C49E6F7714898B3A /* PBXContainerItemProxy */ = {
			isa = PBXContainerItemProxy;
			containerPortal = 53FBB2D914FB24BEDE6AD2DF /* Project object */;
			proxyType = 1;
			remoteGlobalIDString = 9856266766C125F99F0291C0;
			remoteInfo = OrangeLenImageBroker;
		};
		1D4043EB67919636A0F30DE8 /* PBXContainerItemProxy */ = {
			isa = PBXContainerItemProxy;
			containerPortal = 53FBB2D914FB24BEDE6AD2DF /* Project object */;
			proxyType = 1;
			remoteGlobalIDString = DEEA597A955A6DF9C1DFC434;
			remoteInfo = OrangeLenDocumentBroker;
		};
		200EBC12FB5A4ADFC515118D /* PBXContainerItemProxy */ = {
			isa = PBXContainerItemProxy;
			containerPortal = 53FBB2D914FB24BEDE6AD2DF /* Project object */;
			proxyType = 1;
			remoteGlobalIDString = DEEA597A955A6DF9C1DFC434;
			remoteInfo = OrangeLenDocumentBroker;
		};
		2514BA4F7728BE2FE27F0B2C /* PBXContainerItemProxy */ = {
			isa = PBXContainerItemProxy;
			containerPortal = 53FBB2D914FB24BEDE6AD2DF /* Project object */;
			proxyType = 1;
			remoteGlobalIDString = DEEA597A955A6DF9C1DFC434;
			remoteInfo = OrangeLenDocumentBroker;
		};
		2877629340DD4F524BD0810A /* PBXContainerItemProxy */ = {
			isa = PBXContainerItemProxy;
			containerPortal = 53FBB2D914FB24BEDE6AD2DF /* Project object */;
			proxyType = 1;
			remoteGlobalIDString = 9856266766C125F99F0291C0;
			remoteInfo = OrangeLenImageBroker;
		};
		3C7EA29F7E9FA270689F6CE8 /* PBXContainerItemProxy */ = {
			isa = PBXContainerItemProxy;
			containerPortal = 53FBB2D914FB24BEDE6AD2DF /* Project object */;
			proxyType = 1;
			remoteGlobalIDString = 9856266766C125F99F0291C0;
			remoteInfo = OrangeLenImageBroker;
		};
		4B1EEB68F72744F11E93CF98 /* PBXContainerItemProxy */ = {
			isa = PBXContainerItemProxy;
			containerPortal = 53FBB2D914FB24BEDE6AD2DF /* Project object */;
			proxyType = 1;
			remoteGlobalIDString = 9856266766C125F99F0291C0;
			remoteInfo = OrangeLenImageBroker;
		};
		677AF7C2529A0B77E51108AA /* PBXContainerItemProxy */ = {
			isa = PBXContainerItemProxy;
			containerPortal = 53FBB2D914FB24BEDE6AD2DF /* Project object */;
			proxyType = 1;
			remoteGlobalIDString = 9856266766C125F99F0291C0;
			remoteInfo = OrangeLenImageBroker;
		};
		6AAB79942B3D53C502B331F6 /* PBXContainerItemProxy */ = {
			isa = PBXContainerItemProxy;
			containerPortal = 53FBB2D914FB24BEDE6AD2DF /* Project object */;
			proxyType = 1;
			remoteGlobalIDString = 9B71EBB1AAC13C095D505D85;
			remoteInfo = OrangeLenPreviewData;
		};
		77930C927C7B49267F007678 /* PBXContainerItemProxy */ = {
			isa = PBXContainerItemProxy;
			containerPortal = 53FBB2D914FB24BEDE6AD2DF /* Project object */;
			proxyType = 1;
			remoteGlobalIDString = 9856266766C125F99F0291C0;
			remoteInfo = OrangeLenImageBroker;
		};
		79353196AEF3E01E0296C2F3 /* PBXContainerItemProxy */ = {
			isa = PBXContainerItemProxy;
			containerPortal = 53FBB2D914FB24BEDE6AD2DF /* Project object */;
			proxyType = 1;
			remoteGlobalIDString = DEEA597A955A6DF9C1DFC434;
			remoteInfo = OrangeLenDocumentBroker;
		};
		82C99F0B56DCDA05412051FE /* PBXContainerItemProxy */ = {
			isa = PBXContainerItemProxy;
			containerPortal = 53FBB2D914FB24BEDE6AD2DF /* Project object */;
			proxyType = 1;
			remoteGlobalIDString = DEEA597A955A6DF9C1DFC434;
			remoteInfo = OrangeLenDocumentBroker;
		};
		8BF8F523F1B59D7042796778 /* PBXContainerItemProxy */ = {
			isa = PBXContainerItemProxy;
			containerPortal = 53FBB2D914FB24BEDE6AD2DF /* Project object */;
			proxyType = 1;
			remoteGlobalIDString = DEEA597A955A6DF9C1DFC434;
			remoteInfo = OrangeLenDocumentBroker;
		};
		913C2360109D59649E874CFE /* PBXContainerItemProxy */ = {
			isa = PBXContainerItemProxy;
			containerPortal = 53FBB2D914FB24BEDE6AD2DF /* Project object */;
			proxyType = 1;
			remoteGlobalIDString = 461FFEF11BEC5FCA48857D2A;
			remoteInfo = OrangeLenPreviewBooks;
		};
		9F997CCC6169A38C80A79443 /* PBXContainerItemProxy */ = {
			isa = PBXContainerItemProxy;
			containerPortal = 53FBB2D914FB24BEDE6AD2DF /* Project object */;
			proxyType = 1;
			remoteGlobalIDString = 9856266766C125F99F0291C0;
			remoteInfo = OrangeLenImageBroker;
		};
		A2FE0ACCACA8F3FE386601C1 /* PBXContainerItemProxy */ = {
			isa = PBXContainerItemProxy;
			containerPortal = 53FBB2D914FB24BEDE6AD2DF /* Project object */;
			proxyType = 1;
			remoteGlobalIDString = DEEA597A955A6DF9C1DFC434;
			remoteInfo = OrangeLenDocumentBroker;
		};
		D8E773D42D55E246AE8A0CA2 /* PBXContainerItemProxy */ = {
			isa = PBXContainerItemProxy;
			containerPortal = 53FBB2D914FB24BEDE6AD2DF /* Project object */;
			proxyType = 1;
			remoteGlobalIDString = 24FE1FE444A6A0F331DE0B7E;
			remoteInfo = OrangeLenPreviewDrawings;
		};
		E2E383878AD00D7BB6615F9F /* PBXContainerItemProxy */ = {
			isa = PBXContainerItemProxy;
			containerPortal = 53FBB2D914FB24BEDE6AD2DF /* Project object */;
			proxyType = 1;
			remoteGlobalIDString = EBDB13C30C11E9804E5D1473;
			remoteInfo = OrangeLenPreviewArchives;
		};
		E620A5421EE8B5B8509351F4 /* PBXContainerItemProxy */ = {
			isa = PBXContainerItemProxy;
			containerPortal = 53FBB2D914FB24BEDE6AD2DF /* Project object */;
			proxyType = 1;
			remoteGlobalIDString = DEEA597A955A6DF9C1DFC434;
			remoteInfo = OrangeLenDocumentBroker;
		};
		EAD06E0BD016D68A9A53F78F /* PBXContainerItemProxy */ = {
			isa = PBXContainerItemProxy;
			containerPortal = 53FBB2D914FB24BEDE6AD2DF /* Project object */;
			proxyType = 1;
			remoteGlobalIDString = CCBFE1A27B3880238A5E19E5;
			remoteInfo = OrangeLenPreview;
		};
		F24F9F1B615AE9F878D93468 /* PBXContainerItemProxy */ = {
			isa = PBXContainerItemProxy;
			containerPortal = 53FBB2D914FB24BEDE6AD2DF /* Project object */;
			proxyType = 1;
			remoteGlobalIDString = 550F461B164C68E4CC2E8503;
			remoteInfo = OrangeLenPreviewMarkdown;
		};
		F8FE81083431BE372D2F3712 /* PBXContainerItemProxy */ = {
			isa = PBXContainerItemProxy;
			containerPortal = 53FBB2D914FB24BEDE6AD2DF /* Project object */;
			proxyType = 1;
			remoteGlobalIDString = 8EA67BA226288D09E62B3FA3;
			remoteInfo = OrangeLenPreviewFolders;
		};
		FBAA4204BB24EC7D02F9A610 /* PBXContainerItemProxy */ = {
			isa = PBXContainerItemProxy;
			containerPortal = 53FBB2D914FB24BEDE6AD2DF /* Project object */;
			proxyType = 1;
			remoteGlobalIDString = C57D6DE6883A2A0C1DB7AD92;
			remoteInfo = OrangeLenTestHost;
		};
/* End PBXContainerItemProxy section */

/* Begin PBXCopyFilesBuildPhase section */
		0148F73B94CCF09C0EA77A83 /* CopyFiles */ = {
			isa = PBXCopyFilesBuildPhase;
			buildActionMask = 2147483647;
			dstPath = "$(CONTENTS_FOLDER_PATH)/XPCServices";
			dstSubfolderSpec = 16;
			files = (
				30F198EC319C2AA0BAEB5B80 /* OrangeLenImageBroker.xpc in CopyFiles */,
				05C8BDE23199A429DED676F8 /* OrangeLenDocumentBroker.xpc in CopyFiles */,
			);
			runOnlyForDeploymentPostprocessing = 0;
		};
		46139BF97FA225D7399BAFA7 /* CopyFiles */ = {
			isa = PBXCopyFilesBuildPhase;
			buildActionMask = 2147483647;
			dstPath = "$(CONTENTS_FOLDER_PATH)/XPCServices";
			dstSubfolderSpec = 16;
			files = (
				8F4D5DCB9809FF86617C10D0 /* OrangeLenImageBroker.xpc in CopyFiles */,
				CB8B8FA8B981A59C5639BA77 /* OrangeLenDocumentBroker.xpc in CopyFiles */,
			);
			runOnlyForDeploymentPostprocessing = 0;
		};
		5091E500761BF5A612412FC4 /* CopyFiles */ = {
			isa = PBXCopyFilesBuildPhase;
			buildActionMask = 2147483647;
			dstPath = "$(CONTENTS_FOLDER_PATH)/XPCServices";
			dstSubfolderSpec = 16;
			files = (
				3462E61D4BE3F99EC4DA0F79 /* OrangeLenImageBroker.xpc in CopyFiles */,
				3CDB69EA4068751110275771 /* OrangeLenDocumentBroker.xpc in CopyFiles */,
			);
			runOnlyForDeploymentPostprocessing = 0;
		};
		603152C3996BE30B5B6A096B /* CopyFiles */ = {
			isa = PBXCopyFilesBuildPhase;
			buildActionMask = 2147483647;
			dstPath = "$(CONTENTS_FOLDER_PATH)/XPCServices";
			dstSubfolderSpec = 16;
			files = (
				B1624824B2C0A1449D3B7D79 /* OrangeLenDocumentBroker.xpc in CopyFiles */,
			);
			runOnlyForDeploymentPostprocessing = 0;
		};
		7BD519A8F018BCEE87CFC918 /* CopyFiles */ = {
			isa = PBXCopyFilesBuildPhase;
			buildActionMask = 2147483647;
			dstPath = "$(CONTENTS_FOLDER_PATH)/XPCServices";
			dstSubfolderSpec = 16;
			files = (
				EE61DCE5940BA3A412D774E6 /* OrangeLenImageBroker.xpc in CopyFiles */,
				D5724D6BD530518BD0C5BA9A /* OrangeLenDocumentBroker.xpc in CopyFiles */,
			);
			runOnlyForDeploymentPostprocessing = 0;
		};
		98F7B9B8C8764E92D63E48DC /* CopyFiles */ = {
			isa = PBXCopyFilesBuildPhase;
			buildActionMask = 2147483647;
			dstPath = "$(CONTENTS_FOLDER_PATH)/XPCServices";
			dstSubfolderSpec = 16;
			files = (
				4268976FE62529925996941D /* OrangeLenImageBroker.xpc in CopyFiles */,
				3FC658D6CC7D1C644A120A23 /* OrangeLenDocumentBroker.xpc in CopyFiles */,
			);
			runOnlyForDeploymentPostprocessing = 0;
		};
		AA44C5E100D55D0A5C737189 /* CopyFiles */ = {
			isa = PBXCopyFilesBuildPhase;
			buildActionMask = 2147483647;
			dstPath = "$(CONTENTS_FOLDER_PATH)/XPCServices";
			dstSubfolderSpec = 16;
			files = (
				5DC2FEE7BD7A19D773F8DEC5 /* OrangeLenImageBroker.xpc in CopyFiles */,
				4777E9A5085648C95743833E /* OrangeLenDocumentBroker.xpc in CopyFiles */,
			);
			runOnlyForDeploymentPostprocessing = 0;
		};
		C1453A330D80ECBFA2CB74E9 /* CopyFiles */ = {
			isa = PBXCopyFilesBuildPhase;
			buildActionMask = 2147483647;
			dstPath = "$(CONTENTS_FOLDER_PATH)/XPCServices";
			dstSubfolderSpec = 16;
			files = (
				BE8A75D4B9AF4B737AB23C38 /* OrangeLenImageBroker.xpc in CopyFiles */,
				EE8BE7DE3DAEBF699448BC20 /* OrangeLenDocumentBroker.xpc in CopyFiles */,
			);
			runOnlyForDeploymentPostprocessing = 0;
		};
		D658AF5B27A103B3AF6891FF /* CopyFiles */ = {
			isa = PBXCopyFilesBuildPhase;
			buildActionMask = 2147483647;
			dstPath = "$(CONTENTS_FOLDER_PATH)/XPCServices";
			dstSubfolderSpec = 16;
			files = (
				DFA8156682C32102EF54B039 /* OrangeLenDocumentBroker.xpc in CopyFiles */,
			);
			runOnlyForDeploymentPostprocessing = 0;
		};
		D9F2C7CAEA38C95C550A9578 /* Embed Foundation Extensions */ = {
			isa = PBXCopyFilesBuildPhase;
			buildActionMask = 2147483647;
			dstPath = "";
			dstSubfolderSpec = 13;
			files = (
				28A1AF05720B32F6864B2E96 /* OrangeLenPreview.appex in Embed Foundation Extensions */,
				C6C851933732575121AB67BF /* OrangeLenPreviewMarkdown.appex in Embed Foundation Extensions */,
				CA2FD75B4350EB7DFE285B35 /* OrangeLenPreviewData.appex in Embed Foundation Extensions */,
				99331880947BB0F09D046706 /* OrangeLenPreviewFolders.appex in Embed Foundation Extensions */,
				8706C8A8963730F54D8D3E11 /* OrangeLenPreviewArchives.appex in Embed Foundation Extensions */,
				5415C7D7B4A889495DF3D1D4 /* OrangeLenPreviewBooks.appex in Embed Foundation Extensions */,
				7988D6BBAF6C52D9D30DC664 /* OrangeLenPreviewDrawings.appex in Embed Foundation Extensions */,
			);
			name = "Embed Foundation Extensions";
			runOnlyForDeploymentPostprocessing = 0;
		};
/* End PBXCopyFilesBuildPhase section */

/* Begin PBXFileReference section */
		1462345BBF84F2085AE5662C /* Info.plist */ = {isa = PBXFileReference; lastKnownFileType = text.plist; path = Info.plist; sourceTree = "<group>"; };
		188ADBC3AF60465B6FCEE1D3 /* SystemPreviewTests.swift */ = {isa = PBXFileReference; lastKnownFileType = sourcecode.swift; path = SystemPreviewTests.swift; sourceTree = "<group>"; };
		19290C1F8F29087FFA669D76 /* Info.plist */ = {isa = PBXFileReference; lastKnownFileType = text.plist; path = Info.plist; sourceTree = "<group>"; };
		24B3496B829824C1D185E6DC /* OrangeLenPreviewBooks.appex */ = {isa = PBXFileReference; explicitFileType = "wrapper.app-extension"; includeInIndex = 0; path = OrangeLenPreviewBooks.appex; sourceTree = BUILT_PRODUCTS_DIR; };
		2B518C079605C18EC15BBF1E /* OrangeLen */ = {isa = PBXFileReference; lastKnownFileType = folder; name = OrangeLen; path = Packages/OrangeLen; sourceTree = SOURCE_ROOT; };
		2D66AC049642D13D2BBE6956 /* OrangeLenTestHost.app */ = {isa = PBXFileReference; explicitFileType = wrapper.application; includeInIndex = 0; path = OrangeLenTestHost.app; sourceTree = BUILT_PRODUCTS_DIR; };
		34C12098DA5CCF0139297252 /* OrangeLenPreviewDrawings.appex */ = {isa = PBXFileReference; explicitFileType = "wrapper.app-extension"; includeInIndex = 0; path = OrangeLenPreviewDrawings.appex; sourceTree = BUILT_PRODUCTS_DIR; };
		3512DAAFCFF24E8702A0D816 /* zh-Hans */ = {isa = PBXFileReference; lastKnownFileType = text.plist.strings; name = "zh-Hans"; path = "zh-Hans.lproj/InfoPlist.strings"; sourceTree = "<group>"; };
		3C14600F3387DA81267A4CD5 /* DocumentBroker.entitlements */ = {isa = PBXFileReference; lastKnownFileType = text.plist.entitlements; path = DocumentBroker.entitlements; sourceTree = "<group>"; };
		3C6C80D93133D02E9E0D26EA /* SettingsView.swift */ = {isa = PBXFileReference; lastKnownFileType = sourcecode.swift; path = SettingsView.swift; sourceTree = "<group>"; };
		4101BF78AFF1F301DB48053A /* zh-Hans */ = {isa = PBXFileReference; lastKnownFileType = text.plist.strings; name = "zh-Hans"; path = "zh-Hans.lproj/InfoPlist.strings"; sourceTree = "<group>"; };
		46850D4CAFD9853701455F26 /* PreviewViewController.swift */ = {isa = PBXFileReference; lastKnownFileType = sourcecode.swift; path = PreviewViewController.swift; sourceTree = "<group>"; };
		46D56E610867B08E5566DF60 /* zh-Hans */ = {isa = PBXFileReference; lastKnownFileType = text.plist.strings; name = "zh-Hans"; path = "zh-Hans.lproj/InfoPlist.strings"; sourceTree = "<group>"; };
		4A280EAD091BC0C5F998AE97 /* system-preview */ = {isa = PBXFileReference; lastKnownFileType = folder; name = "system-preview"; path = "Tests/Fixtures/system-preview"; sourceTree = SOURCE_ROOT; };
		59C0B5EC560B315CB477FDD2 /* AppDelegate.swift */ = {isa = PBXFileReference; lastKnownFileType = sourcecode.swift; path = AppDelegate.swift; sourceTree = "<group>"; };
		5D909A94C42FFCBA53E39E71 /* zh-Hans */ = {isa = PBXFileReference; lastKnownFileType = text.plist.strings; name = "zh-Hans"; path = "zh-Hans.lproj/InfoPlist.strings"; sourceTree = "<group>"; };
		5EC953B6B3F92FAE5223D6CF /* en */ = {isa = PBXFileReference; lastKnownFileType = text.plist.strings; name = en; path = en.lproj/InfoPlist.strings; sourceTree = "<group>"; };
		631148E1C638A5B37CD01B2C /* OrangeLenPreview.appex */ = {isa = PBXFileReference; explicitFileType = "wrapper.app-extension"; includeInIndex = 0; path = OrangeLenPreview.appex; sourceTree = BUILT_PRODUCTS_DIR; };
		667209996F981C6955ACFB57 /* ImageBroker.entitlements */ = {isa = PBXFileReference; lastKnownFileType = text.plist.entitlements; path = ImageBroker.entitlements; sourceTree = "<group>"; };
		6AAEC95058178BE7091F2712 /* OrangeLen.app */ = {isa = PBXFileReference; explicitFileType = wrapper.application; includeInIndex = 0; path = OrangeLen.app; sourceTree = BUILT_PRODUCTS_DIR; };
		6CE15E970B05A653E744B264 /* OrangeLenImageBroker.xpc */ = {isa = PBXFileReference; explicitFileType = "wrapper.xpc-service"; includeInIndex = 0; path = OrangeLenImageBroker.xpc; sourceTree = BUILT_PRODUCTS_DIR; };
		6E5290C76B93E31CA6E98443 /* en */ = {isa = PBXFileReference; lastKnownFileType = text.plist.strings; name = en; path = en.lproj/InfoPlist.strings; sourceTree = "<group>"; };
		70E9E6773BC8553CEA9B9450 /* RemoteImageLoader.swift */ = {isa = PBXFileReference; lastKnownFileType = sourcecode.swift; path = RemoteImageLoader.swift; sourceTree = "<group>"; };
		7558F04181657A40F83299DE /* main.swift */ = {isa = PBXFileReference; lastKnownFileType = sourcecode.swift; path = main.swift; sourceTree = "<group>"; };
		7902044CF49EC6E16E1DE66B /* en */ = {isa = PBXFileReference; lastKnownFileType = text.plist.strings; name = en; path = en.lproj/InfoPlist.strings; sourceTree = "<group>"; };
		79B2A6052B4399CD829B2B61 /* OrangeLen.entitlements */ = {isa = PBXFileReference; lastKnownFileType = text.plist.entitlements; path = OrangeLen.entitlements; sourceTree = "<group>"; };
		7E4A7F21DE09B1A311246A83 /* main.swift */ = {isa = PBXFileReference; lastKnownFileType = sourcecode.swift; path = main.swift; sourceTree = "<group>"; };
		8AB48C5DA4CFEF654C8AC3A2 /* OrangeLenPreviewFolders.appex */ = {isa = PBXFileReference; explicitFileType = "wrapper.app-extension"; includeInIndex = 0; path = OrangeLenPreviewFolders.appex; sourceTree = BUILT_PRODUCTS_DIR; };
		917452DD098A21DFE494EEBE /* OrangeLenDocumentBroker.xpc */ = {isa = PBXFileReference; explicitFileType = "wrapper.xpc-service"; includeInIndex = 0; path = OrangeLenDocumentBroker.xpc; sourceTree = BUILT_PRODUCTS_DIR; };
		967CFBFDED884385CAEC68F3 /* zh-Hans */ = {isa = PBXFileReference; lastKnownFileType = text.plist.strings; name = "zh-Hans"; path = "zh-Hans.lproj/InfoPlist.strings"; sourceTree = "<group>"; };
		9981EDC498A386CD75DC631F /* OrangeLenPreviewMarkdown.appex */ = {isa = PBXFileReference; explicitFileType = "wrapper.app-extension"; includeInIndex = 0; path = OrangeLenPreviewMarkdown.appex; sourceTree = BUILT_PRODUCTS_DIR; };
		A7CFE2CE31C8A844C064A360 /* DiagnosticsController.swift */ = {isa = PBXFileReference; lastKnownFileType = sourcecode.swift; path = DiagnosticsController.swift; sourceTree = "<group>"; };
		A7E03FFEAC5EB276BE9CD8E8 /* zh-Hans */ = {isa = PBXFileReference; lastKnownFileType = text.plist.strings; name = "zh-Hans"; path = "zh-Hans.lproj/InfoPlist.strings"; sourceTree = "<group>"; };
		AD4640A95742B9EB4F366FF3 /* OrangeLenPreviewArchives.appex */ = {isa = PBXFileReference; explicitFileType = "wrapper.app-extension"; includeInIndex = 0; path = OrangeLenPreviewArchives.appex; sourceTree = BUILT_PRODUCTS_DIR; };
		AFAB738D28A560325857B5B3 /* zh-Hans */ = {isa = PBXFileReference; lastKnownFileType = text.plist.strings; name = "zh-Hans"; path = "zh-Hans.lproj/InfoPlist.strings"; sourceTree = "<group>"; };
		B20FCB7C331241A7EACA9600 /* Info.plist */ = {isa = PBXFileReference; lastKnownFileType = text.plist; path = Info.plist; sourceTree = "<group>"; };
		C3959E3574F55C1BFC371E04 /* en */ = {isa = PBXFileReference; lastKnownFileType = text.plist.strings; name = en; path = en.lproj/InfoPlist.strings; sourceTree = "<group>"; };
		E49AD9795C8113A4D5A8F91A /* OrangeLenPreviewData.appex */ = {isa = PBXFileReference; explicitFileType = "wrapper.app-extension"; includeInIndex = 0; path = OrangeLenPreviewData.appex; sourceTree = BUILT_PRODUCTS_DIR; };
		EB3DC20DD0B2326CF247CEA7 /* OrangeLenNativeTests.xctest */ = {isa = PBXFileReference; explicitFileType = wrapper.cfbundle; includeInIndex = 0; path = OrangeLenNativeTests.xctest; sourceTree = BUILT_PRODUCTS_DIR; };
		ED1098ADDEE275285AE78DD0 /* en */ = {isa = PBXFileReference; lastKnownFileType = text.plist.strings; name = en; path = en.lproj/InfoPlist.strings; sourceTree = "<group>"; };
		EDE4C2F4C06C5DD265450F8E /* en */ = {isa = PBXFileReference; lastKnownFileType = text.plist.strings; name = en; path = en.lproj/InfoPlist.strings; sourceTree = "<group>"; };
		F378C758CAA9F2FC23488ADC /* en */ = {isa = PBXFileReference; lastKnownFileType = text.plist.strings; name = en; path = en.lproj/InfoPlist.strings; sourceTree = "<group>"; };
		FFD50AEE4082E38C47243334 /* main.swift */ = {isa = PBXFileReference; lastKnownFileType = sourcecode.swift; path = main.swift; sourceTree = "<group>"; };
/* End PBXFileReference section */

/* Begin PBXFrameworksBuildPhase section */
		0F96A92BE9E5C0F4E4CC29C4 /* Frameworks */ = {
			isa = PBXFrameworksBuildPhase;
			buildActionMask = 2147483647;
			files = (
				1A3F0BE9CE913CA59E44FF97 /* OrangeLenCore in Frameworks */,
			);
			runOnlyForDeploymentPostprocessing = 0;
		};
		2F8DEC43B8C83A198B0303A5 /* Frameworks */ = {
			isa = PBXFrameworksBuildPhase;
			buildActionMask = 2147483647;
			files = (
				44AFA5C73E7CF5D3227A86E7 /* OrangeLenUI in Frameworks */,
			);
			runOnlyForDeploymentPostprocessing = 0;
		};
		32173BECD905FD62219ED414 /* Frameworks */ = {
			isa = PBXFrameworksBuildPhase;
			buildActionMask = 2147483647;
			files = (
				3FB37B3DDA4DEFF9F1EB39D1 /* OrangeLenUI in Frameworks */,
			);
			runOnlyForDeploymentPostprocessing = 0;
		};
		4424DB7B0A584388E81C6CE0 /* Frameworks */ = {
			isa = PBXFrameworksBuildPhase;
			buildActionMask = 2147483647;
			files = (
				725011E5452FA98438BAF813 /* OrangeLenUI in Frameworks */,
			);
			runOnlyForDeploymentPostprocessing = 0;
		};
		52AADEC17B8AB55D65884CB1 /* Frameworks */ = {
			isa = PBXFrameworksBuildPhase;
			buildActionMask = 2147483647;
			files = (
				C7492083004FCD317FC48759 /* OrangeLenUI in Frameworks */,
			);
			runOnlyForDeploymentPostprocessing = 0;
		};
		99C0B7EAEF799AD9A457D1B4 /* Frameworks */ = {
			isa = PBXFrameworksBuildPhase;
			buildActionMask = 2147483647;
			files = (
				1F6075BD796B19EBF0906791 /* OrangeLenUI in Frameworks */,
				6F2D055D1BDBB73AFFE80162 /* OrangeLenCore in Frameworks */,
			);
			runOnlyForDeploymentPostprocessing = 0;
		};
		BC702F4E7610EB5CCF891E75 /* Frameworks */ = {
			isa = PBXFrameworksBuildPhase;
			buildActionMask = 2147483647;
			files = (
				493029742D73EFEA9E5DEDDD /* OrangeLenUI in Frameworks */,
			);
			runOnlyForDeploymentPostprocessing = 0;
		};
		C764F3D4E7D8598539871FF1 /* Frameworks */ = {
			isa = PBXFrameworksBuildPhase;
			buildActionMask = 2147483647;
			files = (
				CCDC21152EC8048F9058EF19 /* OrangeLenCore in Frameworks */,
			);
			runOnlyForDeploymentPostprocessing = 0;
		};
		E6CD7B800287B728B5A37A1B /* Frameworks */ = {
			isa = PBXFrameworksBuildPhase;
			buildActionMask = 2147483647;
			files = (
				0C38BFEF2B1D7A5FEAD57B3E /* OrangeLenUI in Frameworks */,
			);
			runOnlyForDeploymentPostprocessing = 0;
		};
		EBDE6F3C8F3DD8A1296983C9 /* Frameworks */ = {
			isa = PBXFrameworksBuildPhase;
			buildActionMask = 2147483647;
			files = (
				95915DA21E2F720D0C1EDDFD /* OrangeLenUI in Frameworks */,
			);
			runOnlyForDeploymentPostprocessing = 0;
		};
		FB1789042B4E3DF9677E4CCB /* Frameworks */ = {
			isa = PBXFrameworksBuildPhase;
			buildActionMask = 2147483647;
			files = (
				4F7755F6E3F2D690C35CFE65 /* OrangeLenUI in Frameworks */,
			);
			runOnlyForDeploymentPostprocessing = 0;
		};
/* End PBXFrameworksBuildPhase section */

/* Begin PBXGroup section */
		002088EB76A274B9D40B8F1B /* Packages */ = {
			isa = PBXGroup;
			children = (
				2B518C079605C18EC15BBF1E /* OrangeLen */,
			);
			path = Packages;
			sourceTree = "<group>";
		};
		161A40B8C77BB82681A95813 /* Drawings */ = {
			isa = PBXGroup;
			children = (
				7E95764F6EFEA27A96027B7B /* InfoPlist.strings */,
			);
			name = Drawings;
			path = PreviewExtension/Localization/Drawings;
			sourceTree = "<group>";
		};
		165C9948477B5A12CED0DD86 /* App */ = {
			isa = PBXGroup;
			children = (
				59C0B5EC560B315CB477FDD2 /* AppDelegate.swift */,
				A7CFE2CE31C8A844C064A360 /* DiagnosticsController.swift */,
				1462345BBF84F2085AE5662C /* Info.plist */,
				79B2A6052B4399CD829B2B61 /* OrangeLen.entitlements */,
				3C6C80D93133D02E9E0D26EA /* SettingsView.swift */,
			);
			path = App;
			sourceTree = "<group>";
		};
		25D38B2B5185DF71BDC48A9C /* Data */ = {
			isa = PBXGroup;
			children = (
				376638465D02AD59E096E000 /* InfoPlist.strings */,
			);
			name = Data;
			path = PreviewExtension/Localization/Data;
			sourceTree = "<group>";
		};
		2C24A6A6CA8ABA8892A68318 /* DocumentBroker */ = {
			isa = PBXGroup;
			children = (
				3C14600F3387DA81267A4CD5 /* DocumentBroker.entitlements */,
				19290C1F8F29087FFA669D76 /* Info.plist */,
				7558F04181657A40F83299DE /* main.swift */,
			);
			path = DocumentBroker;
			sourceTree = "<group>";
		};
		37AB77B4B6CBA62A9D442C9C /* OrangeLenUITests */ = {
			isa = PBXGroup;
			children = (
				188ADBC3AF60465B6FCEE1D3 /* SystemPreviewTests.swift */,
			);
			name = OrangeLenUITests;
			path = Packages/OrangeLen/Tests/OrangeLenUITests;
			sourceTree = "<group>";
		};
		392CF88B7E335C4FB756C357 /* Code */ = {
			isa = PBXGroup;
			children = (
				BF32490C5C399DBA615C2D8D /* InfoPlist.strings */,
			);
			name = Code;
			path = PreviewExtension/Localization/Code;
			sourceTree = "<group>";
		};
		54EF8AC4F19016681FE6D494 /* PreviewExtension */ = {
			isa = PBXGroup;
			children = (
				46850D4CAFD9853701455F26 /* PreviewViewController.swift */,
			);
			path = PreviewExtension;
			sourceTree = "<group>";
		};
		55FF2F50F69D0DBC0890213D /* OrangeLenUI */ = {
			isa = PBXGroup;
			children = (
				70E9E6773BC8553CEA9B9450 /* RemoteImageLoader.swift */,
			);
			name = OrangeLenUI;
			path = Packages/OrangeLen/Sources/OrangeLenUI;
			sourceTree = "<group>";
		};
		698B04F06E147C5279F1DF06 = {
			isa = PBXGroup;
			children = (
				4A280EAD091BC0C5F998AE97 /* system-preview */,
				165C9948477B5A12CED0DD86 /* App */,
				884B6F30D13AF9140BA05BF0 /* Archives */,
				95C725DF8DD133157353C45B /* Books */,
				392CF88B7E335C4FB756C357 /* Code */,
				25D38B2B5185DF71BDC48A9C /* Data */,
				2C24A6A6CA8ABA8892A68318 /* DocumentBroker */,
				161A40B8C77BB82681A95813 /* Drawings */,
				EB7F74407E9DD0816B51A6B8 /* Folders */,
				738232B7D85638A6389BD538 /* Host */,
				8F70B89C574AF0AD5A106C12 /* ImageBroker */,
				6AA0669CA0903A1C8DCAEF14 /* Markdown */,
				55FF2F50F69D0DBC0890213D /* OrangeLenUI */,
				37AB77B4B6CBA62A9D442C9C /* OrangeLenUITests */,
				002088EB76A274B9D40B8F1B /* Packages */,
				54EF8AC4F19016681FE6D494 /* PreviewExtension */,
				7A2E9D2B52DA92C50938D2CC /* Products */,
			);
			sourceTree = "<group>";
		};
		6AA0669CA0903A1C8DCAEF14 /* Markdown */ = {
			isa = PBXGroup;
			children = (
				5CFE49F24C75E3B38515972C /* InfoPlist.strings */,
			);
			name = Markdown;
			path = PreviewExtension/Localization/Markdown;
			sourceTree = "<group>";
		};
		738232B7D85638A6389BD538 /* Host */ = {
			isa = PBXGroup;
			children = (
				FFD50AEE4082E38C47243334 /* main.swift */,
			);
			name = Host;
			path = Tests/Host;
			sourceTree = "<group>";
		};
		7A2E9D2B52DA92C50938D2CC /* Products */ = {
			isa = PBXGroup;
			children = (
				6AAEC95058178BE7091F2712 /* OrangeLen.app */,
				917452DD098A21DFE494EEBE /* OrangeLenDocumentBroker.xpc */,
				6CE15E970B05A653E744B264 /* OrangeLenImageBroker.xpc */,
				EB3DC20DD0B2326CF247CEA7 /* OrangeLenNativeTests.xctest */,
				631148E1C638A5B37CD01B2C /* OrangeLenPreview.appex */,
				AD4640A95742B9EB4F366FF3 /* OrangeLenPreviewArchives.appex */,
				24B3496B829824C1D185E6DC /* OrangeLenPreviewBooks.appex */,
				E49AD9795C8113A4D5A8F91A /* OrangeLenPreviewData.appex */,
				34C12098DA5CCF0139297252 /* OrangeLenPreviewDrawings.appex */,
				8AB48C5DA4CFEF654C8AC3A2 /* OrangeLenPreviewFolders.appex */,
				9981EDC498A386CD75DC631F /* OrangeLenPreviewMarkdown.appex */,
				2D66AC049642D13D2BBE6956 /* OrangeLenTestHost.app */,
			);
			name = Products;
			sourceTree = "<group>";
		};
		884B6F30D13AF9140BA05BF0 /* Archives */ = {
			isa = PBXGroup;
			children = (
				DACC1A74FE60C19B7F5BD1F2 /* InfoPlist.strings */,
			);
			name = Archives;
			path = PreviewExtension/Localization/Archives;
			sourceTree = "<group>";
		};
		8F70B89C574AF0AD5A106C12 /* ImageBroker */ = {
			isa = PBXGroup;
			children = (
				667209996F981C6955ACFB57 /* ImageBroker.entitlements */,
				B20FCB7C331241A7EACA9600 /* Info.plist */,
				7E4A7F21DE09B1A311246A83 /* main.swift */,
			);
			path = ImageBroker;
			sourceTree = "<group>";
		};
		95C725DF8DD133157353C45B /* Books */ = {
			isa = PBXGroup;
			children = (
				22E6E41E0C7DAC86E3CDD0EC /* InfoPlist.strings */,
			);
			name = Books;
			path = PreviewExtension/Localization/Books;
			sourceTree = "<group>";
		};
		EB7F74407E9DD0816B51A6B8 /* Folders */ = {
			isa = PBXGroup;
			children = (
				7E8834C35609AA40FC1124B4 /* InfoPlist.strings */,
			);
			name = Folders;
			path = PreviewExtension/Localization/Folders;
			sourceTree = "<group>";
		};
/* End PBXGroup section */

/* Begin PBXNativeTarget section */
		24FE1FE444A6A0F331DE0B7E /* OrangeLenPreviewDrawings */ = {
			isa = PBXNativeTarget;
			buildConfigurationList = 6F773A62D1ABBC628579A61C /* Build configuration list for PBXNativeTarget "OrangeLenPreviewDrawings" */;
			buildPhases = (
				F875A9A87C80BFC285D310AC /* Sources */,
				D655F8E4B389D9A4E1579132 /* Resources */,
				0148F73B94CCF09C0EA77A83 /* CopyFiles */,
				BC702F4E7610EB5CCF891E75 /* Frameworks */,
			);
			buildRules = (
			);
			dependencies = (
				FA5191825C66805D68463342 /* PBXTargetDependency */,
				328CE499B5A71CDF52EB2A4E /* PBXTargetDependency */,
			);
			name = OrangeLenPreviewDrawings;
			packageProductDependencies = (
				2241A87AFA321FA146A5A54A /* OrangeLenUI */,
			);
			productName = OrangeLenPreviewDrawings;
			productReference = 34C12098DA5CCF0139297252 /* OrangeLenPreviewDrawings.appex */;
			productType = "com.apple.product-type.app-extension";
		};
		3C7E755ED62EBF411AD68F63 /* OrangeLenNativeTests */ = {
			isa = PBXNativeTarget;
			buildConfigurationList = BF9842A2AC7E738A6AC23DF3 /* Build configuration list for PBXNativeTarget "OrangeLenNativeTests" */;
			buildPhases = (
				C36691EC1FFCC96708E660C8 /* Sources */,
				956E55DBBC1D2F8499D57F00 /* Resources */,
				99C0B7EAEF799AD9A457D1B4 /* Frameworks */,
			);
			buildRules = (
			);
			dependencies = (
				1F67E16BD5F0ABFAD745B189 /* PBXTargetDependency */,
			);
			name = OrangeLenNativeTests;
			packageProductDependencies = (
				FC4D73868231FF7143F14A2D /* OrangeLenUI */,
				F73635A29527A436FE4E7D8E /* OrangeLenCore */,
			);
			productName = OrangeLenNativeTests;
			productReference = EB3DC20DD0B2326CF247CEA7 /* OrangeLenNativeTests.xctest */;
			productType = "com.apple.product-type.bundle.unit-test";
		};
		461FFEF11BEC5FCA48857D2A /* OrangeLenPreviewBooks */ = {
			isa = PBXNativeTarget;
			buildConfigurationList = 40EDD61390A1EE54A867F134 /* Build configuration list for PBXNativeTarget "OrangeLenPreviewBooks" */;
			buildPhases = (
				79020E82578F9CB83F2DFDE4 /* Sources */,
				AEB4A23ECAD999468DA1BF30 /* Resources */,
				AA44C5E100D55D0A5C737189 /* CopyFiles */,
				FB1789042B4E3DF9677E4CCB /* Frameworks */,
			);
			buildRules = (
			);
			dependencies = (
				C3732D13D0805CDD1E4D143C /* PBXTargetDependency */,
				72136F55B0327BF62005959A /* PBXTargetDependency */,
			);
			name = OrangeLenPreviewBooks;
			packageProductDependencies = (
				98A78709DAF88A62C1BBE8CC /* OrangeLenUI */,
			);
			productName = OrangeLenPreviewBooks;
			productReference = 24B3496B829824C1D185E6DC /* OrangeLenPreviewBooks.appex */;
			productType = "com.apple.product-type.app-extension";
		};
		550F461B164C68E4CC2E8503 /* OrangeLenPreviewMarkdown */ = {
			isa = PBXNativeTarget;
			buildConfigurationList = 417D93E47F8A2B04A404B71F /* Build configuration list for PBXNativeTarget "OrangeLenPreviewMarkdown" */;
			buildPhases = (
				3558B0C487FF487802126D1E /* Sources */,
				B2A67F9BE4F1F690D54E236E /* Resources */,
				C1453A330D80ECBFA2CB74E9 /* CopyFiles */,
				52AADEC17B8AB55D65884CB1 /* Frameworks */,
			);
			buildRules = (
			);
			dependencies = (
				5814980FFD878AF78BBB0659 /* PBXTargetDependency */,
				BA7C86D7E4746A71F38ECAC6 /* PBXTargetDependency */,
			);
			name = OrangeLenPreviewMarkdown;
			packageProductDependencies = (
				45EBDEFE651FB624FE12337A /* OrangeLenUI */,
			);
			productName = OrangeLenPreviewMarkdown;
			productReference = 9981EDC498A386CD75DC631F /* OrangeLenPreviewMarkdown.appex */;
			productType = "com.apple.product-type.app-extension";
		};
		8EA67BA226288D09E62B3FA3 /* OrangeLenPreviewFolders */ = {
			isa = PBXNativeTarget;
			buildConfigurationList = B3F6A3D9D7AC1899E0208183 /* Build configuration list for PBXNativeTarget "OrangeLenPreviewFolders" */;
			buildPhases = (
				0B21C54D9CCA2A600069BF7E /* Sources */,
				5633B019ACA5D75CB28896A5 /* Resources */,
				5091E500761BF5A612412FC4 /* CopyFiles */,
				4424DB7B0A584388E81C6CE0 /* Frameworks */,
			);
			buildRules = (
			);
			dependencies = (
				081DD8CA7AAC965ABA400878 /* PBXTargetDependency */,
				AD872D50E48708325E645C51 /* PBXTargetDependency */,
			);
			name = OrangeLenPreviewFolders;
			packageProductDependencies = (
				42C5F839A6EC25E572872E32 /* OrangeLenUI */,
			);
			productName = OrangeLenPreviewFolders;
			productReference = 8AB48C5DA4CFEF654C8AC3A2 /* OrangeLenPreviewFolders.appex */;
			productType = "com.apple.product-type.app-extension";
		};
		9856266766C125F99F0291C0 /* OrangeLenImageBroker */ = {
			isa = PBXNativeTarget;
			buildConfigurationList = 5EDB6F8745FAC20303A133E8 /* Build configuration list for PBXNativeTarget "OrangeLenImageBroker" */;
			buildPhases = (
				F237409E0FCA5BA5129F663F /* Sources */,
				0F96A92BE9E5C0F4E4CC29C4 /* Frameworks */,
			);
			buildRules = (
			);
			dependencies = (
			);
			name = OrangeLenImageBroker;
			packageProductDependencies = (
				72A62C92F98ADD9FC9E6A66A /* OrangeLenCore */,
			);
			productName = OrangeLenImageBroker;
			productReference = 6CE15E970B05A653E744B264 /* OrangeLenImageBroker.xpc */;
			productType = "com.apple.product-type.xpc-service";
		};
		9B71EBB1AAC13C095D505D85 /* OrangeLenPreviewData */ = {
			isa = PBXNativeTarget;
			buildConfigurationList = 42BB3A7EA42D9DA05ACD7E58 /* Build configuration list for PBXNativeTarget "OrangeLenPreviewData" */;
			buildPhases = (
				54FBA2F5D0FDF9864EA3A1EF /* Sources */,
				EFAE8577697926A200711BEA /* Resources */,
				46139BF97FA225D7399BAFA7 /* CopyFiles */,
				EBDE6F3C8F3DD8A1296983C9 /* Frameworks */,
			);
			buildRules = (
			);
			dependencies = (
				5E19E759E5ADB2738A0CA9C1 /* PBXTargetDependency */,
				9ABFE37CA81E40290DB4F522 /* PBXTargetDependency */,
			);
			name = OrangeLenPreviewData;
			packageProductDependencies = (
				769FE336D3C1796ABA6EFD1C /* OrangeLenUI */,
			);
			productName = OrangeLenPreviewData;
			productReference = E49AD9795C8113A4D5A8F91A /* OrangeLenPreviewData.appex */;
			productType = "com.apple.product-type.app-extension";
		};
		AC812D73CE8048F05E373042 /* OrangeLen */ = {
			isa = PBXNativeTarget;
			buildConfigurationList = ABDF0277DAFB225301E77802 /* Build configuration list for PBXNativeTarget "OrangeLen" */;
			buildPhases = (
				6DD2C0148DF7120DB34A5882 /* Sources */,
				603152C3996BE30B5B6A096B /* CopyFiles */,
				2F8DEC43B8C83A198B0303A5 /* Frameworks */,
				D9F2C7CAEA38C95C550A9578 /* Embed Foundation Extensions */,
			);
			buildRules = (
			);
			dependencies = (
				7564D6A850D6535892B99F45 /* PBXTargetDependency */,
				15B06FD670BDB7C20EE9F732 /* PBXTargetDependency */,
				5A4280EF489F80918A54C12F /* PBXTargetDependency */,
				3258846B04B20F92BE5C780B /* PBXTargetDependency */,
				A967579EA3AB6BC0FF0D0B93 /* PBXTargetDependency */,
				8D8C7B74BDFEB2E5162F0535 /* PBXTargetDependency */,
				CA1BF09C55407A463227D087 /* PBXTargetDependency */,
				5084FCEDBFA9302C64FC0109 /* PBXTargetDependency */,
			);
			name = OrangeLen;
			packageProductDependencies = (
				61C00F684C7EE5F46DB43F64 /* OrangeLenUI */,
			);
			productName = OrangeLen;
			productReference = 6AAEC95058178BE7091F2712 /* OrangeLen.app */;
			productType = "com.apple.product-type.application";
		};
		C57D6DE6883A2A0C1DB7AD92 /* OrangeLenTestHost */ = {
			isa = PBXNativeTarget;
			buildConfigurationList = 190450DE0B3D14A600643768 /* Build configuration list for PBXNativeTarget "OrangeLenTestHost" */;
			buildPhases = (
				502EA13EC0855D4ACA727DBF /* Sources */,
				D658AF5B27A103B3AF6891FF /* CopyFiles */,
			);
			buildRules = (
			);
			dependencies = (
				0B340C43F9D530EC2D998C23 /* PBXTargetDependency */,
			);
			name = OrangeLenTestHost;
			packageProductDependencies = (
			);
			productName = OrangeLenTestHost;
			productReference = 2D66AC049642D13D2BBE6956 /* OrangeLenTestHost.app */;
			productType = "com.apple.product-type.application";
		};
		CCBFE1A27B3880238A5E19E5 /* OrangeLenPreview */ = {
			isa = PBXNativeTarget;
			buildConfigurationList = 2D6C0F6A5F6E9329C00826A5 /* Build configuration list for PBXNativeTarget "OrangeLenPreview" */;
			buildPhases = (
				0D75E99B07AF0350A9937694 /* Sources */,
				BA097B6AF8CD5FD2A27E67A9 /* Resources */,
				98F7B9B8C8764E92D63E48DC /* CopyFiles */,
				E6CD7B800287B728B5A37A1B /* Frameworks */,
			);
			buildRules = (
			);
			dependencies = (
				D85CE3D0E849A8A9D7F209CA /* PBXTargetDependency */,
				2CEE2230DFA93F09BB707DB6 /* PBXTargetDependency */,
			);
			name = OrangeLenPreview;
			packageProductDependencies = (
				30D1B581E05B8E0516C61C8D /* OrangeLenUI */,
			);
			productName = OrangeLenPreview;
			productReference = 631148E1C638A5B37CD01B2C /* OrangeLenPreview.appex */;
			productType = "com.apple.product-type.app-extension";
		};
		DEEA597A955A6DF9C1DFC434 /* OrangeLenDocumentBroker */ = {
			isa = PBXNativeTarget;
			buildConfigurationList = 1B33886CA2B7251EF14B5960 /* Build configuration list for PBXNativeTarget "OrangeLenDocumentBroker" */;
			buildPhases = (
				442194F844B8EE12AA4ADF5A /* Sources */,
				C764F3D4E7D8598539871FF1 /* Frameworks */,
			);
			buildRules = (
			);
			dependencies = (
			);
			name = OrangeLenDocumentBroker;
			packageProductDependencies = (
				BFFB72289C463838E6D70059 /* OrangeLenCore */,
			);
			productName = OrangeLenDocumentBroker;
			productReference = 917452DD098A21DFE494EEBE /* OrangeLenDocumentBroker.xpc */;
			productType = "com.apple.product-type.xpc-service";
		};
		EBDB13C30C11E9804E5D1473 /* OrangeLenPreviewArchives */ = {
			isa = PBXNativeTarget;
			buildConfigurationList = 19030334C6EC85E3D04339E8 /* Build configuration list for PBXNativeTarget "OrangeLenPreviewArchives" */;
			buildPhases = (
				0B3A88B81122BBAB847D37EB /* Sources */,
				BBDD84F905EF9FBAE0429A87 /* Resources */,
				7BD519A8F018BCEE87CFC918 /* CopyFiles */,
				32173BECD905FD62219ED414 /* Frameworks */,
			);
			buildRules = (
			);
			dependencies = (
				F7586149804917D764CABE7B /* PBXTargetDependency */,
				E01121E0E98F8B23394DFA76 /* PBXTargetDependency */,
			);
			name = OrangeLenPreviewArchives;
			packageProductDependencies = (
				CDECED808730D628044615F7 /* OrangeLenUI */,
			);
			productName = OrangeLenPreviewArchives;
			productReference = AD4640A95742B9EB4F366FF3 /* OrangeLenPreviewArchives.appex */;
			productType = "com.apple.product-type.app-extension";
		};
/* End PBXNativeTarget section */

/* Begin PBXProject section */
		53FBB2D914FB24BEDE6AD2DF /* Project object */ = {
			isa = PBXProject;
			attributes = {
				BuildIndependentTargetsInParallel = YES;
				LastUpgradeCheck = 1430;
				TargetAttributes = {
					24FE1FE444A6A0F331DE0B7E = {
						ProvisioningStyle = Manual;
					};
					3C7E755ED62EBF411AD68F63 = {
						ProvisioningStyle = Manual;
					};
					461FFEF11BEC5FCA48857D2A = {
						ProvisioningStyle = Manual;
					};
					550F461B164C68E4CC2E8503 = {
						ProvisioningStyle = Manual;
					};
					8EA67BA226288D09E62B3FA3 = {
						ProvisioningStyle = Manual;
					};
					9856266766C125F99F0291C0 = {
						ProvisioningStyle = Manual;
					};
					9B71EBB1AAC13C095D505D85 = {
						ProvisioningStyle = Manual;
					};
					AC812D73CE8048F05E373042 = {
						ProvisioningStyle = Manual;
					};
					C57D6DE6883A2A0C1DB7AD92 = {
						ProvisioningStyle = Manual;
					};
					CCBFE1A27B3880238A5E19E5 = {
						ProvisioningStyle = Manual;
					};
					DEEA597A955A6DF9C1DFC434 = {
						ProvisioningStyle = Manual;
					};
					EBDB13C30C11E9804E5D1473 = {
						ProvisioningStyle = Manual;
					};
				};
			};
			buildConfigurationList = AAACD04F2CA2AEC1EA2A1441 /* Build configuration list for PBXProject "OrangeLen" */;
			developmentRegion = en;
			hasScannedForEncodings = 0;
			knownRegions = (
				Base,
				en,
				"zh-Hans",
			);
			mainGroup = 698B04F06E147C5279F1DF06;
			minimizedProjectReferenceProxies = 1;
			packageReferences = (
				9E4743E201A963E85F77E24C /* XCLocalSwiftPackageReference "Packages/OrangeLen" */,
			);
			preferredProjectObjectVersion = 77;
			productRefGroup = 7A2E9D2B52DA92C50938D2CC /* Products */;
			projectDirPath = "";
			projectRoot = "";
			targets = (
				AC812D73CE8048F05E373042 /* OrangeLen */,
				DEEA597A955A6DF9C1DFC434 /* OrangeLenDocumentBroker */,
				9856266766C125F99F0291C0 /* OrangeLenImageBroker */,
				3C7E755ED62EBF411AD68F63 /* OrangeLenNativeTests */,
				CCBFE1A27B3880238A5E19E5 /* OrangeLenPreview */,
				EBDB13C30C11E9804E5D1473 /* OrangeLenPreviewArchives */,
				461FFEF11BEC5FCA48857D2A /* OrangeLenPreviewBooks */,
				9B71EBB1AAC13C095D505D85 /* OrangeLenPreviewData */,
				24FE1FE444A6A0F331DE0B7E /* OrangeLenPreviewDrawings */,
				8EA67BA226288D09E62B3FA3 /* OrangeLenPreviewFolders */,
				550F461B164C68E4CC2E8503 /* OrangeLenPreviewMarkdown */,
				C57D6DE6883A2A0C1DB7AD92 /* OrangeLenTestHost */,
			);
		};
/* End PBXProject section */

/* Begin PBXResourcesBuildPhase section */
		5633B019ACA5D75CB28896A5 /* Resources */ = {
			isa = PBXResourcesBuildPhase;
			buildActionMask = 2147483647;
			files = (
				D1F73514119A4F8E9A3473C2 /* InfoPlist.strings in Resources */,
			);
			runOnlyForDeploymentPostprocessing = 0;
		};
		956E55DBBC1D2F8499D57F00 /* Resources */ = {
			isa = PBXResourcesBuildPhase;
			buildActionMask = 2147483647;
			files = (
				B8D882EBD2F839BB2332B306 /* system-preview in Resources */,
			);
			runOnlyForDeploymentPostprocessing = 0;
		};
		AEB4A23ECAD999468DA1BF30 /* Resources */ = {
			isa = PBXResourcesBuildPhase;
			buildActionMask = 2147483647;
			files = (
				A3EBA937467EBBCA83816904 /* InfoPlist.strings in Resources */,
			);
			runOnlyForDeploymentPostprocessing = 0;
		};
		B2A67F9BE4F1F690D54E236E /* Resources */ = {
			isa = PBXResourcesBuildPhase;
			buildActionMask = 2147483647;
			files = (
				0D04EC9F23FF78F16AB4093F /* InfoPlist.strings in Resources */,
			);
			runOnlyForDeploymentPostprocessing = 0;
		};
		BA097B6AF8CD5FD2A27E67A9 /* Resources */ = {
			isa = PBXResourcesBuildPhase;
			buildActionMask = 2147483647;
			files = (
				19AD63C015430292C7A80086 /* InfoPlist.strings in Resources */,
			);
			runOnlyForDeploymentPostprocessing = 0;
		};
		BBDD84F905EF9FBAE0429A87 /* Resources */ = {
			isa = PBXResourcesBuildPhase;
			buildActionMask = 2147483647;
			files = (
				D42761C094BB76960838C3C8 /* InfoPlist.strings in Resources */,
			);
			runOnlyForDeploymentPostprocessing = 0;
		};
		D655F8E4B389D9A4E1579132 /* Resources */ = {
			isa = PBXResourcesBuildPhase;
			buildActionMask = 2147483647;
			files = (
				15D80906AE78D0EAE381A238 /* InfoPlist.strings in Resources */,
			);
			runOnlyForDeploymentPostprocessing = 0;
		};
		EFAE8577697926A200711BEA /* Resources */ = {
			isa = PBXResourcesBuildPhase;
			buildActionMask = 2147483647;
			files = (
				3C3017379736E71063C01BE1 /* InfoPlist.strings in Resources */,
			);
			runOnlyForDeploymentPostprocessing = 0;
		};
/* End PBXResourcesBuildPhase section */

/* Begin PBXSourcesBuildPhase section */
		0B21C54D9CCA2A600069BF7E /* Sources */ = {
			isa = PBXSourcesBuildPhase;
			buildActionMask = 2147483647;
			files = (
				21E9094206A9554948B8CC69 /* PreviewViewController.swift in Sources */,
			);
			runOnlyForDeploymentPostprocessing = 0;
		};
		0B3A88B81122BBAB847D37EB /* Sources */ = {
			isa = PBXSourcesBuildPhase;
			buildActionMask = 2147483647;
			files = (
				587123F932FB3B1C2870BF36 /* PreviewViewController.swift in Sources */,
			);
			runOnlyForDeploymentPostprocessing = 0;
		};
		0D75E99B07AF0350A9937694 /* Sources */ = {
			isa = PBXSourcesBuildPhase;
			buildActionMask = 2147483647;
			files = (
				BB3CC9128971381E4835A911 /* PreviewViewController.swift in Sources */,
			);
			runOnlyForDeploymentPostprocessing = 0;
		};
		3558B0C487FF487802126D1E /* Sources */ = {
			isa = PBXSourcesBuildPhase;
			buildActionMask = 2147483647;
			files = (
				7BB541DF9B481FC8EDE53914 /* PreviewViewController.swift in Sources */,
			);
			runOnlyForDeploymentPostprocessing = 0;
		};
		442194F844B8EE12AA4ADF5A /* Sources */ = {
			isa = PBXSourcesBuildPhase;
			buildActionMask = 2147483647;
			files = (
				D69A91A43BF19BB59115BC9A /* main.swift in Sources */,
			);
			runOnlyForDeploymentPostprocessing = 0;
		};
		502EA13EC0855D4ACA727DBF /* Sources */ = {
			isa = PBXSourcesBuildPhase;
			buildActionMask = 2147483647;
			files = (
				F2766B2ACBA0B7F0E0D49BC1 /* main.swift in Sources */,
			);
			runOnlyForDeploymentPostprocessing = 0;
		};
		54FBA2F5D0FDF9864EA3A1EF /* Sources */ = {
			isa = PBXSourcesBuildPhase;
			buildActionMask = 2147483647;
			files = (
				5E72C8535DF0A1668A4B76B0 /* PreviewViewController.swift in Sources */,
			);
			runOnlyForDeploymentPostprocessing = 0;
		};
		6DD2C0148DF7120DB34A5882 /* Sources */ = {
			isa = PBXSourcesBuildPhase;
			buildActionMask = 2147483647;
			files = (
				F19578AED0388D7F8AC8A294 /* AppDelegate.swift in Sources */,
				2F21B6268BBC6B7BE61ABB03 /* DiagnosticsController.swift in Sources */,
				2BC9FA5C4EB4E5336C5DD1B3 /* SettingsView.swift in Sources */,
			);
			runOnlyForDeploymentPostprocessing = 0;
		};
		79020E82578F9CB83F2DFDE4 /* Sources */ = {
			isa = PBXSourcesBuildPhase;
			buildActionMask = 2147483647;
			files = (
				92EE5F047E3C53FA021FAD49 /* PreviewViewController.swift in Sources */,
			);
			runOnlyForDeploymentPostprocessing = 0;
		};
		C36691EC1FFCC96708E660C8 /* Sources */ = {
			isa = PBXSourcesBuildPhase;
			buildActionMask = 2147483647;
			files = (
				0FB153AE8BBC5EAD24C99574 /* SystemPreviewTests.swift in Sources */,
			);
			runOnlyForDeploymentPostprocessing = 0;
		};
		F237409E0FCA5BA5129F663F /* Sources */ = {
			isa = PBXSourcesBuildPhase;
			buildActionMask = 2147483647;
			files = (
				C215C10E9849437A05B1ABD7 /* RemoteImageLoader.swift in Sources */,
				2F20B7C9942AE2A85D15E69D /* main.swift in Sources */,
			);
			runOnlyForDeploymentPostprocessing = 0;
		};
		F875A9A87C80BFC285D310AC /* Sources */ = {
			isa = PBXSourcesBuildPhase;
			buildActionMask = 2147483647;
			files = (
				68DE08474737FF3A1635F83A /* PreviewViewController.swift in Sources */,
			);
			runOnlyForDeploymentPostprocessing = 0;
		};
/* End PBXSourcesBuildPhase section */

/* Begin PBXTargetDependency section */
		081DD8CA7AAC965ABA400878 /* PBXTargetDependency */ = {
			isa = PBXTargetDependency;
			target = 9856266766C125F99F0291C0 /* OrangeLenImageBroker */;
			targetProxy = 4B1EEB68F72744F11E93CF98 /* PBXContainerItemProxy */;
		};
		0B340C43F9D530EC2D998C23 /* PBXTargetDependency */ = {
			isa = PBXTargetDependency;
			target = DEEA597A955A6DF9C1DFC434 /* OrangeLenDocumentBroker */;
			targetProxy = 2514BA4F7728BE2FE27F0B2C /* PBXContainerItemProxy */;
		};
		15B06FD670BDB7C20EE9F732 /* PBXTargetDependency */ = {
			isa = PBXTargetDependency;
			target = 550F461B164C68E4CC2E8503 /* OrangeLenPreviewMarkdown */;
			targetProxy = F24F9F1B615AE9F878D93468 /* PBXContainerItemProxy */;
		};
		1F67E16BD5F0ABFAD745B189 /* PBXTargetDependency */ = {
			isa = PBXTargetDependency;
			target = C57D6DE6883A2A0C1DB7AD92 /* OrangeLenTestHost */;
			targetProxy = FBAA4204BB24EC7D02F9A610 /* PBXContainerItemProxy */;
		};
		2CEE2230DFA93F09BB707DB6 /* PBXTargetDependency */ = {
			isa = PBXTargetDependency;
			target = DEEA597A955A6DF9C1DFC434 /* OrangeLenDocumentBroker */;
			targetProxy = 068E3BD7F44E9101D3CBC523 /* PBXContainerItemProxy */;
		};
		3258846B04B20F92BE5C780B /* PBXTargetDependency */ = {
			isa = PBXTargetDependency;
			target = 8EA67BA226288D09E62B3FA3 /* OrangeLenPreviewFolders */;
			targetProxy = F8FE81083431BE372D2F3712 /* PBXContainerItemProxy */;
		};
		328CE499B5A71CDF52EB2A4E /* PBXTargetDependency */ = {
			isa = PBXTargetDependency;
			target = DEEA597A955A6DF9C1DFC434 /* OrangeLenDocumentBroker */;
			targetProxy = 82C99F0B56DCDA05412051FE /* PBXContainerItemProxy */;
		};
		5084FCEDBFA9302C64FC0109 /* PBXTargetDependency */ = {
			isa = PBXTargetDependency;
			target = DEEA597A955A6DF9C1DFC434 /* OrangeLenDocumentBroker */;
			targetProxy = 8BF8F523F1B59D7042796778 /* PBXContainerItemProxy */;
		};
		5814980FFD878AF78BBB0659 /* PBXTargetDependency */ = {
			isa = PBXTargetDependency;
			target = 9856266766C125F99F0291C0 /* OrangeLenImageBroker */;
			targetProxy = 2877629340DD4F524BD0810A /* PBXContainerItemProxy */;
		};
		5A4280EF489F80918A54C12F /* PBXTargetDependency */ = {
			isa = PBXTargetDependency;
			target = 9B71EBB1AAC13C095D505D85 /* OrangeLenPreviewData */;
			targetProxy = 6AAB79942B3D53C502B331F6 /* PBXContainerItemProxy */;
		};
		5E19E759E5ADB2738A0CA9C1 /* PBXTargetDependency */ = {
			isa = PBXTargetDependency;
			target = 9856266766C125F99F0291C0 /* OrangeLenImageBroker */;
			targetProxy = 677AF7C2529A0B77E51108AA /* PBXContainerItemProxy */;
		};
		72136F55B0327BF62005959A /* PBXTargetDependency */ = {
			isa = PBXTargetDependency;
			target = DEEA597A955A6DF9C1DFC434 /* OrangeLenDocumentBroker */;
			targetProxy = 79353196AEF3E01E0296C2F3 /* PBXContainerItemProxy */;
		};
		7564D6A850D6535892B99F45 /* PBXTargetDependency */ = {
			isa = PBXTargetDependency;
			target = CCBFE1A27B3880238A5E19E5 /* OrangeLenPreview */;
			targetProxy = EAD06E0BD016D68A9A53F78F /* PBXContainerItemProxy */;
		};
		8D8C7B74BDFEB2E5162F0535 /* PBXTargetDependency */ = {
			isa = PBXTargetDependency;
			target = 461FFEF11BEC5FCA48857D2A /* OrangeLenPreviewBooks */;
			targetProxy = 913C2360109D59649E874CFE /* PBXContainerItemProxy */;
		};
		9ABFE37CA81E40290DB4F522 /* PBXTargetDependency */ = {
			isa = PBXTargetDependency;
			target = DEEA597A955A6DF9C1DFC434 /* OrangeLenDocumentBroker */;
			targetProxy = 1D4043EB67919636A0F30DE8 /* PBXContainerItemProxy */;
		};
		A967579EA3AB6BC0FF0D0B93 /* PBXTargetDependency */ = {
			isa = PBXTargetDependency;
			target = EBDB13C30C11E9804E5D1473 /* OrangeLenPreviewArchives */;
			targetProxy = E2E383878AD00D7BB6615F9F /* PBXContainerItemProxy */;
		};
		AD872D50E48708325E645C51 /* PBXTargetDependency */ = {
			isa = PBXTargetDependency;
			target = DEEA597A955A6DF9C1DFC434 /* OrangeLenDocumentBroker */;
			targetProxy = A2FE0ACCACA8F3FE386601C1 /* PBXContainerItemProxy */;
		};
		BA7C86D7E4746A71F38ECAC6 /* PBXTargetDependency */ = {
			isa = PBXTargetDependency;
			target = DEEA597A955A6DF9C1DFC434 /* OrangeLenDocumentBroker */;
			targetProxy = 200EBC12FB5A4ADFC515118D /* PBXContainerItemProxy */;
		};
		C3732D13D0805CDD1E4D143C /* PBXTargetDependency */ = {
			isa = PBXTargetDependency;
			target = 9856266766C125F99F0291C0 /* OrangeLenImageBroker */;
			targetProxy = 77930C927C7B49267F007678 /* PBXContainerItemProxy */;
		};
		CA1BF09C55407A463227D087 /* PBXTargetDependency */ = {
			isa = PBXTargetDependency;
			target = 24FE1FE444A6A0F331DE0B7E /* OrangeLenPreviewDrawings */;
			targetProxy = D8E773D42D55E246AE8A0CA2 /* PBXContainerItemProxy */;
		};
		D85CE3D0E849A8A9D7F209CA /* PBXTargetDependency */ = {
			isa = PBXTargetDependency;
			target = 9856266766C125F99F0291C0 /* OrangeLenImageBroker */;
			targetProxy = 9F997CCC6169A38C80A79443 /* PBXContainerItemProxy */;
		};
		E01121E0E98F8B23394DFA76 /* PBXTargetDependency */ = {
			isa = PBXTargetDependency;
			target = DEEA597A955A6DF9C1DFC434 /* OrangeLenDocumentBroker */;
			targetProxy = E620A5421EE8B5B8509351F4 /* PBXContainerItemProxy */;
		};
		F7586149804917D764CABE7B /* PBXTargetDependency */ = {
			isa = PBXTargetDependency;
			target = 9856266766C125F99F0291C0 /* OrangeLenImageBroker */;
			targetProxy = 3C7EA29F7E9FA270689F6CE8 /* PBXContainerItemProxy */;
		};
		FA5191825C66805D68463342 /* PBXTargetDependency */ = {
			isa = PBXTargetDependency;
			target = 9856266766C125F99F0291C0 /* OrangeLenImageBroker */;
			targetProxy = 130BAC92C49E6F7714898B3A /* PBXContainerItemProxy */;
		};
/* End PBXTargetDependency section */

/* Begin PBXVariantGroup section */
		22E6E41E0C7DAC86E3CDD0EC /* InfoPlist.strings */ = {
			isa = PBXVariantGroup;
			children = (
				C3959E3574F55C1BFC371E04 /* en */,
				4101BF78AFF1F301DB48053A /* zh-Hans */,
			);
			name = InfoPlist.strings;
			sourceTree = "<group>";
		};
		376638465D02AD59E096E000 /* InfoPlist.strings */ = {
			isa = PBXVariantGroup;
			children = (
				6E5290C76B93E31CA6E98443 /* en */,
				A7E03FFEAC5EB276BE9CD8E8 /* zh-Hans */,
			);
			name = InfoPlist.strings;
			sourceTree = "<group>";
		};
		5CFE49F24C75E3B38515972C /* InfoPlist.strings */ = {
			isa = PBXVariantGroup;
			children = (
				7902044CF49EC6E16E1DE66B /* en */,
				AFAB738D28A560325857B5B3 /* zh-Hans */,
			);
			name = InfoPlist.strings;
			sourceTree = "<group>";
		};
		7E8834C35609AA40FC1124B4 /* InfoPlist.strings */ = {
			isa = PBXVariantGroup;
			children = (
				F378C758CAA9F2FC23488ADC /* en */,
				5D909A94C42FFCBA53E39E71 /* zh-Hans */,
			);
			name = InfoPlist.strings;
			sourceTree = "<group>";
		};
		7E95764F6EFEA27A96027B7B /* InfoPlist.strings */ = {
			isa = PBXVariantGroup;
			children = (
				5EC953B6B3F92FAE5223D6CF /* en */,
				46D56E610867B08E5566DF60 /* zh-Hans */,
			);
			name = InfoPlist.strings;
			sourceTree = "<group>";
		};
		BF32490C5C399DBA615C2D8D /* InfoPlist.strings */ = {
			isa = PBXVariantGroup;
			children = (
				EDE4C2F4C06C5DD265450F8E /* en */,
				3512DAAFCFF24E8702A0D816 /* zh-Hans */,
			);
			name = InfoPlist.strings;
			sourceTree = "<group>";
		};
		DACC1A74FE60C19B7F5BD1F2 /* InfoPlist.strings */ = {
			isa = PBXVariantGroup;
			children = (
				ED1098ADDEE275285AE78DD0 /* en */,
				967CFBFDED884385CAEC68F3 /* zh-Hans */,
			);
			name = InfoPlist.strings;
			sourceTree = "<group>";
		};
/* End PBXVariantGroup section */

/* Begin XCBuildConfiguration section */
		15F2746C15B0012FBFC59783 /* Release */ = {
			isa = XCBuildConfiguration;
			buildSettings = {
				BUNDLE_LOADER = "$(TEST_HOST)";
				COMBINE_HIDPI_IMAGES = YES;
				GENERATE_INFOPLIST_FILE = YES;
				LD_RUNPATH_SEARCH_PATHS = (
					"$(inherited)",
					"@executable_path/../Frameworks",
					"@loader_path/../Frameworks",
				);
				PRODUCT_BUNDLE_IDENTIFIER = local.OrangeLen.NativeTests;
				SDKROOT = macosx;
				TEST_HOST = "$(BUILT_PRODUCTS_DIR)/OrangeLenTestHost.app/Contents/MacOS/OrangeLenTestHost";
			};
			name = Release;
		};
		1D5B448F7EB8D4D268A3A1D2 /* Release */ = {
			isa = XCBuildConfiguration;
			buildSettings = {
				ALWAYS_SEARCH_USER_PATHS = NO;
				CLANG_ANALYZER_NONNULL = YES;
				CLANG_ANALYZER_NUMBER_OBJECT_CONVERSION = YES_AGGRESSIVE;
				CLANG_CXX_LANGUAGE_STANDARD = "gnu++14";
				CLANG_CXX_LIBRARY = "libc++";
				CLANG_ENABLE_MODULES = YES;
				CLANG_ENABLE_OBJC_ARC = YES;
				CLANG_ENABLE_OBJC_WEAK = YES;
				CLANG_WARN_BLOCK_CAPTURE_AUTORELEASING = YES;
				CLANG_WARN_BOOL_CONVERSION = YES;
				CLANG_WARN_COMMA = YES;
				CLANG_WARN_CONSTANT_CONVERSION = YES;
				CLANG_WARN_DEPRECATED_OBJC_IMPLEMENTATIONS = YES;
				CLANG_WARN_DIRECT_OBJC_ISA_USAGE = YES_ERROR;
				CLANG_WARN_DOCUMENTATION_COMMENTS = YES;
				CLANG_WARN_EMPTY_BODY = YES;
				CLANG_WARN_ENUM_CONVERSION = YES;
				CLANG_WARN_INFINITE_RECURSION = YES;
				CLANG_WARN_INT_CONVERSION = YES;
				CLANG_WARN_NON_LITERAL_NULL_CONVERSION = YES;
				CLANG_WARN_OBJC_IMPLICIT_RETAIN_SELF = YES;
				CLANG_WARN_OBJC_LITERAL_CONVERSION = YES;
				CLANG_WARN_OBJC_ROOT_CLASS = YES_ERROR;
				CLANG_WARN_QUOTED_INCLUDE_IN_FRAMEWORK_HEADER = YES;
				CLANG_WARN_RANGE_LOOP_ANALYSIS = YES;
				CLANG_WARN_STRICT_PROTOTYPES = YES;
				CLANG_WARN_SUSPICIOUS_MOVE = YES;
				CLANG_WARN_UNGUARDED_AVAILABILITY = YES_AGGRESSIVE;
				CLANG_WARN_UNREACHABLE_CODE = YES;
				CLANG_WARN__DUPLICATE_METHOD_MATCH = YES;
				CODE_SIGN_IDENTITY = "-";
				CODE_SIGN_STYLE = Manual;
				COPY_PHASE_STRIP = NO;
				CURRENT_PROJECT_VERSION = 1;
				DEBUG_INFORMATION_FORMAT = "dwarf-with-dsym";
				ENABLE_DEBUG_DYLIB = NO;
				ENABLE_HARDENED_RUNTIME = YES;
				ENABLE_NS_ASSERTIONS = NO;
				ENABLE_STRICT_OBJC_MSGSEND = YES;
				GCC_C_LANGUAGE_STANDARD = gnu11;
				GCC_NO_COMMON_BLOCKS = YES;
				GCC_WARN_64_TO_32_BIT_CONVERSION = YES;
				GCC_WARN_ABOUT_RETURN_TYPE = YES_ERROR;
				GCC_WARN_UNDECLARED_SELECTOR = YES;
				GCC_WARN_UNINITIALIZED_AUTOS = YES_AGGRESSIVE;
				GCC_WARN_UNUSED_FUNCTION = YES;
				GCC_WARN_UNUSED_VARIABLE = YES;
				MACOSX_DEPLOYMENT_TARGET = 14.0;
				MARKETING_VERSION = 0.1.0;
				MTL_ENABLE_DEBUG_INFO = NO;
				MTL_FAST_MATH = YES;
				PRODUCT_NAME = "$(TARGET_NAME)";
				SDKROOT = macosx;
				SWIFT_COMPILATION_MODE = wholemodule;
				SWIFT_OPTIMIZATION_LEVEL = "-O";
				SWIFT_VERSION = 5.0;
			};
			name = Release;
		};
		280FF6DF60224896161F1632 /* Release */ = {
			isa = XCBuildConfiguration;
			buildSettings = {
				CODE_SIGN_ENTITLEMENTS = PreviewExtension/OrangeLenPreview.entitlements;
				COMBINE_HIDPI_IMAGES = YES;
				INFOPLIST_FILE = "PreviewExtension/Generated/Archives-Info.plist";
				LD_RUNPATH_SEARCH_PATHS = (
					"$(inherited)",
					"@executable_path/../Frameworks",
					"@executable_path/../../../../Frameworks",
				);
				PRODUCT_BUNDLE_IDENTIFIER = local.OrangeLen.Preview.Archives;
				SDKROOT = macosx;
				SKIP_INSTALL = YES;
			};
			name = Release;
		};
		30555F20811C4A657A7ADEED /* Debug */ = {
			isa = XCBuildConfiguration;
			buildSettings = {
				CODE_SIGN_ENTITLEMENTS = PreviewExtension/OrangeLenPreview.entitlements;
				COMBINE_HIDPI_IMAGES = YES;
				INFOPLIST_FILE = "PreviewExtension/Generated/Folders-Info.plist";
				LD_RUNPATH_SEARCH_PATHS = (
					"$(inherited)",
					"@executable_path/../Frameworks",
					"@executable_path/../../../../Frameworks",
				);
				PRODUCT_BUNDLE_IDENTIFIER = local.OrangeLen.Preview.Folders;
				SDKROOT = macosx;
				SKIP_INSTALL = YES;
			};
			name = Debug;
		};
		3E87308B4A3D07E335FC747B /* Debug */ = {
			isa = XCBuildConfiguration;
			buildSettings = {
				CODE_SIGN_ENTITLEMENTS = DocumentBroker/DocumentBroker.entitlements;
				COMBINE_HIDPI_IMAGES = YES;
				INFOPLIST_FILE = DocumentBroker/Info.plist;
				LD_RUNPATH_SEARCH_PATHS = (
					"$(inherited)",
					"@executable_path/../Frameworks",
				);
				PRODUCT_BUNDLE_IDENTIFIER = local.OrangeLen.DocumentBroker;
				SDKROOT = macosx;
				SKIP_INSTALL = YES;
			};
			name = Debug;
		};
		3EE220CADF47810D28B85709 /* Debug */ = {
			isa = XCBuildConfiguration;
			buildSettings = {
				ALWAYS_SEARCH_USER_PATHS = NO;
				CLANG_ANALYZER_NONNULL = YES;
				CLANG_ANALYZER_NUMBER_OBJECT_CONVERSION = YES_AGGRESSIVE;
				CLANG_CXX_LANGUAGE_STANDARD = "gnu++14";
				CLANG_CXX_LIBRARY = "libc++";
				CLANG_ENABLE_MODULES = YES;
				CLANG_ENABLE_OBJC_ARC = YES;
				CLANG_ENABLE_OBJC_WEAK = YES;
				CLANG_WARN_BLOCK_CAPTURE_AUTORELEASING = YES;
				CLANG_WARN_BOOL_CONVERSION = YES;
				CLANG_WARN_COMMA = YES;
				CLANG_WARN_CONSTANT_CONVERSION = YES;
				CLANG_WARN_DEPRECATED_OBJC_IMPLEMENTATIONS = YES;
				CLANG_WARN_DIRECT_OBJC_ISA_USAGE = YES_ERROR;
				CLANG_WARN_DOCUMENTATION_COMMENTS = YES;
				CLANG_WARN_EMPTY_BODY = YES;
				CLANG_WARN_ENUM_CONVERSION = YES;
				CLANG_WARN_INFINITE_RECURSION = YES;
				CLANG_WARN_INT_CONVERSION = YES;
				CLANG_WARN_NON_LITERAL_NULL_CONVERSION = YES;
				CLANG_WARN_OBJC_IMPLICIT_RETAIN_SELF = YES;
				CLANG_WARN_OBJC_LITERAL_CONVERSION = YES;
				CLANG_WARN_OBJC_ROOT_CLASS = YES_ERROR;
				CLANG_WARN_QUOTED_INCLUDE_IN_FRAMEWORK_HEADER = YES;
				CLANG_WARN_RANGE_LOOP_ANALYSIS = YES;
				CLANG_WARN_STRICT_PROTOTYPES = YES;
				CLANG_WARN_SUSPICIOUS_MOVE = YES;
				CLANG_WARN_UNGUARDED_AVAILABILITY = YES_AGGRESSIVE;
				CLANG_WARN_UNREACHABLE_CODE = YES;
				CLANG_WARN__DUPLICATE_METHOD_MATCH = YES;
				CODE_SIGN_IDENTITY = "-";
				CODE_SIGN_STYLE = Manual;
				COPY_PHASE_STRIP = NO;
				CURRENT_PROJECT_VERSION = 1;
				DEBUG_INFORMATION_FORMAT = dwarf;
				ENABLE_DEBUG_DYLIB = NO;
				ENABLE_HARDENED_RUNTIME = YES;
				ENABLE_STRICT_OBJC_MSGSEND = YES;
				ENABLE_TESTABILITY = YES;
				GCC_C_LANGUAGE_STANDARD = gnu11;
				GCC_DYNAMIC_NO_PIC = NO;
				GCC_NO_COMMON_BLOCKS = YES;
				GCC_OPTIMIZATION_LEVEL = 0;
				GCC_PREPROCESSOR_DEFINITIONS = (
					"$(inherited)",
					"DEBUG=1",
				);
				GCC_WARN_64_TO_32_BIT_CONVERSION = YES;
				GCC_WARN_ABOUT_RETURN_TYPE = YES_ERROR;
				GCC_WARN_UNDECLARED_SELECTOR = YES;
				GCC_WARN_UNINITIALIZED_AUTOS = YES_AGGRESSIVE;
				GCC_WARN_UNUSED_FUNCTION = YES;
				GCC_WARN_UNUSED_VARIABLE = YES;
				MACOSX_DEPLOYMENT_TARGET = 14.0;
				MARKETING_VERSION = 0.1.0;
				MTL_ENABLE_DEBUG_INFO = INCLUDE_SOURCE;
				MTL_FAST_MATH = YES;
				ONLY_ACTIVE_ARCH = YES;
				PRODUCT_NAME = "$(TARGET_NAME)";
				SDKROOT = macosx;
				SWIFT_ACTIVE_COMPILATION_CONDITIONS = DEBUG;
				SWIFT_OPTIMIZATION_LEVEL = "-Onone";
				SWIFT_VERSION = 5.0;
			};
			name = Debug;
		};
		413D57763EE572768334F65B /* Release */ = {
			isa = XCBuildConfiguration;
			buildSettings = {
				CODE_SIGN_ENTITLEMENTS = PreviewExtension/OrangeLenPreview.entitlements;
				COMBINE_HIDPI_IMAGES = YES;
				INFOPLIST_FILE = PreviewExtension/Info.plist;
				LD_RUNPATH_SEARCH_PATHS = (
					"$(inherited)",
					"@executable_path/../Frameworks",
					"@executable_path/../../../../Frameworks",
				);
				PRODUCT_BUNDLE_IDENTIFIER = local.OrangeLen.Preview;
				SDKROOT = macosx;
				SKIP_INSTALL = YES;
			};
			name = Release;
		};
		4BE05D7471FD0434955F549A /* Debug */ = {
			isa = XCBuildConfiguration;
			buildSettings = {
				BUNDLE_LOADER = "$(TEST_HOST)";
				COMBINE_HIDPI_IMAGES = YES;
				GENERATE_INFOPLIST_FILE = YES;
				LD_RUNPATH_SEARCH_PATHS = (
					"$(inherited)",
					"@executable_path/../Frameworks",
					"@loader_path/../Frameworks",
				);
				PRODUCT_BUNDLE_IDENTIFIER = local.OrangeLen.NativeTests;
				SDKROOT = macosx;
				TEST_HOST = "$(BUILT_PRODUCTS_DIR)/OrangeLenTestHost.app/Contents/MacOS/OrangeLenTestHost";
			};
			name = Debug;
		};
		50B121496D6E2F5D9DFF791A /* Debug */ = {
			isa = XCBuildConfiguration;
			buildSettings = {
				CODE_SIGN_ENTITLEMENTS = ImageBroker/ImageBroker.entitlements;
				COMBINE_HIDPI_IMAGES = YES;
				INFOPLIST_FILE = ImageBroker/Info.plist;
				LD_RUNPATH_SEARCH_PATHS = (
					"$(inherited)",
					"@executable_path/../Frameworks",
				);
				PRODUCT_BUNDLE_IDENTIFIER = local.OrangeLen.ImageBroker;
				SDKROOT = macosx;
				SKIP_INSTALL = YES;
			};
			name = Debug;
		};
		5D41E4DC8D411163F781F7C8 /* Debug */ = {
			isa = XCBuildConfiguration;
			buildSettings = {
				CODE_SIGN_ENTITLEMENTS = PreviewExtension/OrangeLenPreview.entitlements;
				COMBINE_HIDPI_IMAGES = YES;
				INFOPLIST_FILE = "PreviewExtension/Generated/Books-Info.plist";
				LD_RUNPATH_SEARCH_PATHS = (
					"$(inherited)",
					"@executable_path/../Frameworks",
					"@executable_path/../../../../Frameworks",
				);
				PRODUCT_BUNDLE_IDENTIFIER = local.OrangeLen.Preview.Books;
				SDKROOT = macosx;
				SKIP_INSTALL = YES;
			};
			name = Debug;
		};
		6DC04A5B30BB0E9550B352B6 /* Debug */ = {
			isa = XCBuildConfiguration;
			buildSettings = {
				CODE_SIGN_ENTITLEMENTS = PreviewExtension/OrangeLenPreview.entitlements;
				COMBINE_HIDPI_IMAGES = YES;
				INFOPLIST_FILE = PreviewExtension/Info.plist;
				LD_RUNPATH_SEARCH_PATHS = (
					"$(inherited)",
					"@executable_path/../Frameworks",
					"@executable_path/../../../../Frameworks",
				);
				PRODUCT_BUNDLE_IDENTIFIER = local.OrangeLen.Preview;
				SDKROOT = macosx;
				SKIP_INSTALL = YES;
			};
			name = Debug;
		};
		70BF381F6309881C37B55810 /* Release */ = {
			isa = XCBuildConfiguration;
			buildSettings = {
				ASSETCATALOG_COMPILER_APPICON_NAME = AppIcon;
				COMBINE_HIDPI_IMAGES = YES;
				GENERATE_INFOPLIST_FILE = YES;
				LD_RUNPATH_SEARCH_PATHS = (
					"$(inherited)",
					"@executable_path/../Frameworks",
				);
				PRODUCT_BUNDLE_IDENTIFIER = local.OrangeLen.TestHost;
				SDKROOT = macosx;
			};
			name = Release;
		};
		9ADA0ADCBDB7656CEF79FF73 /* Release */ = {
			isa = XCBuildConfiguration;
			buildSettings = {
				ASSETCATALOG_COMPILER_APPICON_NAME = AppIcon;
				CODE_SIGN_ENTITLEMENTS = App/OrangeLen.entitlements;
				COMBINE_HIDPI_IMAGES = YES;
				INFOPLIST_FILE = App/Info.plist;
				LD_RUNPATH_SEARCH_PATHS = (
					"$(inherited)",
					"@executable_path/../Frameworks",
				);
				PRODUCT_BUNDLE_IDENTIFIER = local.OrangeLen;
				SDKROOT = macosx;
			};
			name = Release;
		};
		9DFDDE4FCF45076A59EF7544 /* Release */ = {
			isa = XCBuildConfiguration;
			buildSettings = {
				CODE_SIGN_ENTITLEMENTS = DocumentBroker/DocumentBroker.entitlements;
				COMBINE_HIDPI_IMAGES = YES;
				INFOPLIST_FILE = DocumentBroker/Info.plist;
				LD_RUNPATH_SEARCH_PATHS = (
					"$(inherited)",
					"@executable_path/../Frameworks",
				);
				PRODUCT_BUNDLE_IDENTIFIER = local.OrangeLen.DocumentBroker;
				SDKROOT = macosx;
				SKIP_INSTALL = YES;
			};
			name = Release;
		};
		9F3781D0CDA5E821DEE42B75 /* Debug */ = {
			isa = XCBuildConfiguration;
			buildSettings = {
				CODE_SIGN_ENTITLEMENTS = PreviewExtension/OrangeLenPreview.entitlements;
				COMBINE_HIDPI_IMAGES = YES;
				INFOPLIST_FILE = "PreviewExtension/Generated/Markdown-Info.plist";
				LD_RUNPATH_SEARCH_PATHS = (
					"$(inherited)",
					"@executable_path/../Frameworks",
					"@executable_path/../../../../Frameworks",
				);
				PRODUCT_BUNDLE_IDENTIFIER = local.OrangeLen.Preview.Markdown;
				SDKROOT = macosx;
				SKIP_INSTALL = YES;
			};
			name = Debug;
		};
		A1B09A3A301936C669DCF750 /* Release */ = {
			isa = XCBuildConfiguration;
			buildSettings = {
				CODE_SIGN_ENTITLEMENTS = PreviewExtension/OrangeLenPreview.entitlements;
				COMBINE_HIDPI_IMAGES = YES;
				INFOPLIST_FILE = "PreviewExtension/Generated/Data-Info.plist";
				LD_RUNPATH_SEARCH_PATHS = (
					"$(inherited)",
					"@executable_path/../Frameworks",
					"@executable_path/../../../../Frameworks",
				);
				PRODUCT_BUNDLE_IDENTIFIER = local.OrangeLen.Preview.Data;
				SDKROOT = macosx;
				SKIP_INSTALL = YES;
			};
			name = Release;
		};
		BF78AEA7808626CE867ACA26 /* Debug */ = {
			isa = XCBuildConfiguration;
			buildSettings = {
				CODE_SIGN_ENTITLEMENTS = PreviewExtension/OrangeLenPreview.entitlements;
				COMBINE_HIDPI_IMAGES = YES;
				INFOPLIST_FILE = "PreviewExtension/Generated/Archives-Info.plist";
				LD_RUNPATH_SEARCH_PATHS = (
					"$(inherited)",
					"@executable_path/../Frameworks",
					"@executable_path/../../../../Frameworks",
				);
				PRODUCT_BUNDLE_IDENTIFIER = local.OrangeLen.Preview.Archives;
				SDKROOT = macosx;
				SKIP_INSTALL = YES;
			};
			name = Debug;
		};
		C782C5DC17C79E8B307EE392 /* Debug */ = {
			isa = XCBuildConfiguration;
			buildSettings = {
				ASSETCATALOG_COMPILER_APPICON_NAME = AppIcon;
				CODE_SIGN_ENTITLEMENTS = App/OrangeLen.entitlements;
				COMBINE_HIDPI_IMAGES = YES;
				INFOPLIST_FILE = App/Info.plist;
				LD_RUNPATH_SEARCH_PATHS = (
					"$(inherited)",
					"@executable_path/../Frameworks",
				);
				PRODUCT_BUNDLE_IDENTIFIER = local.OrangeLen;
				SDKROOT = macosx;
			};
			name = Debug;
		};
		C990BF07D352B163E23D47DB /* Release */ = {
			isa = XCBuildConfiguration;
			buildSettings = {
				CODE_SIGN_ENTITLEMENTS = PreviewExtension/OrangeLenPreview.entitlements;
				COMBINE_HIDPI_IMAGES = YES;
				INFOPLIST_FILE = "PreviewExtension/Generated/Markdown-Info.plist";
				LD_RUNPATH_SEARCH_PATHS = (
					"$(inherited)",
					"@executable_path/../Frameworks",
					"@executable_path/../../../../Frameworks",
				);
				PRODUCT_BUNDLE_IDENTIFIER = local.OrangeLen.Preview.Markdown;
				SDKROOT = macosx;
				SKIP_INSTALL = YES;
			};
			name = Release;
		};
		CA3E9B81FFB0D42E16288422 /* Debug */ = {
			isa = XCBuildConfiguration;
			buildSettings = {
				CODE_SIGN_ENTITLEMENTS = PreviewExtension/OrangeLenPreview.entitlements;
				COMBINE_HIDPI_IMAGES = YES;
				INFOPLIST_FILE = "PreviewExtension/Generated/Data-Info.plist";
				LD_RUNPATH_SEARCH_PATHS = (
					"$(inherited)",
					"@executable_path/../Frameworks",
					"@executable_path/../../../../Frameworks",
				);
				PRODUCT_BUNDLE_IDENTIFIER = local.OrangeLen.Preview.Data;
				SDKROOT = macosx;
				SKIP_INSTALL = YES;
			};
			name = Debug;
		};
		CD6D20C0BF22B59147701C08 /* Release */ = {
			isa = XCBuildConfiguration;
			buildSettings = {
				CODE_SIGN_ENTITLEMENTS = ImageBroker/ImageBroker.entitlements;
				COMBINE_HIDPI_IMAGES = YES;
				INFOPLIST_FILE = ImageBroker/Info.plist;
				LD_RUNPATH_SEARCH_PATHS = (
					"$(inherited)",
					"@executable_path/../Frameworks",
				);
				PRODUCT_BUNDLE_IDENTIFIER = local.OrangeLen.ImageBroker;
				SDKROOT = macosx;
				SKIP_INSTALL = YES;
			};
			name = Release;
		};
		D0D3556FC244E3DBF5BBB40F /* Debug */ = {
			isa = XCBuildConfiguration;
			buildSettings = {
				CODE_SIGN_ENTITLEMENTS = PreviewExtension/OrangeLenPreview.entitlements;
				COMBINE_HIDPI_IMAGES = YES;
				INFOPLIST_FILE = "PreviewExtension/Generated/Drawings-Info.plist";
				LD_RUNPATH_SEARCH_PATHS = (
					"$(inherited)",
					"@executable_path/../Frameworks",
					"@executable_path/../../../../Frameworks",
				);
				PRODUCT_BUNDLE_IDENTIFIER = local.OrangeLen.Preview.Drawings;
				SDKROOT = macosx;
				SKIP_INSTALL = YES;
			};
			name = Debug;
		};
		D9C15BE4F28BCB1B72E6AE8E /* Release */ = {
			isa = XCBuildConfiguration;
			buildSettings = {
				CODE_SIGN_ENTITLEMENTS = PreviewExtension/OrangeLenPreview.entitlements;
				COMBINE_HIDPI_IMAGES = YES;
				INFOPLIST_FILE = "PreviewExtension/Generated/Folders-Info.plist";
				LD_RUNPATH_SEARCH_PATHS = (
					"$(inherited)",
					"@executable_path/../Frameworks",
					"@executable_path/../../../../Frameworks",
				);
				PRODUCT_BUNDLE_IDENTIFIER = local.OrangeLen.Preview.Folders;
				SDKROOT = macosx;
				SKIP_INSTALL = YES;
			};
			name = Release;
		};
		E8A582469C8E6230E7E38599 /* Debug */ = {
			isa = XCBuildConfiguration;
			buildSettings = {
				ASSETCATALOG_COMPILER_APPICON_NAME = AppIcon;
				COMBINE_HIDPI_IMAGES = YES;
				GENERATE_INFOPLIST_FILE = YES;
				LD_RUNPATH_SEARCH_PATHS = (
					"$(inherited)",
					"@executable_path/../Frameworks",
				);
				PRODUCT_BUNDLE_IDENTIFIER = local.OrangeLen.TestHost;
				SDKROOT = macosx;
			};
			name = Debug;
		};
		EDC50137845A7666491593FC /* Release */ = {
			isa = XCBuildConfiguration;
			buildSettings = {
				CODE_SIGN_ENTITLEMENTS = PreviewExtension/OrangeLenPreview.entitlements;
				COMBINE_HIDPI_IMAGES = YES;
				INFOPLIST_FILE = "PreviewExtension/Generated/Drawings-Info.plist";
				LD_RUNPATH_SEARCH_PATHS = (
					"$(inherited)",
					"@executable_path/../Frameworks",
					"@executable_path/../../../../Frameworks",
				);
				PRODUCT_BUNDLE_IDENTIFIER = local.OrangeLen.Preview.Drawings;
				SDKROOT = macosx;
				SKIP_INSTALL = YES;
			};
			name = Release;
		};
		F9AF3FCEC8F30D7139EA771C /* Release */ = {
			isa = XCBuildConfiguration;
			buildSettings = {
				CODE_SIGN_ENTITLEMENTS = PreviewExtension/OrangeLenPreview.entitlements;
				COMBINE_HIDPI_IMAGES = YES;
				INFOPLIST_FILE = "PreviewExtension/Generated/Books-Info.plist";
				LD_RUNPATH_SEARCH_PATHS = (
					"$(inherited)",
					"@executable_path/../Frameworks",
					"@executable_path/../../../../Frameworks",
				);
				PRODUCT_BUNDLE_IDENTIFIER = local.OrangeLen.Preview.Books;
				SDKROOT = macosx;
				SKIP_INSTALL = YES;
			};
			name = Release;
		};
/* End XCBuildConfiguration section */

/* Begin XCConfigurationList section */
		19030334C6EC85E3D04339E8 /* Build configuration list for PBXNativeTarget "OrangeLenPreviewArchives" */ = {
			isa = XCConfigurationList;
			buildConfigurations = (
				BF78AEA7808626CE867ACA26 /* Debug */,
				280FF6DF60224896161F1632 /* Release */,
			);
			defaultConfigurationIsVisible = 0;
			defaultConfigurationName = Debug;
		};
		190450DE0B3D14A600643768 /* Build configuration list for PBXNativeTarget "OrangeLenTestHost" */ = {
			isa = XCConfigurationList;
			buildConfigurations = (
				E8A582469C8E6230E7E38599 /* Debug */,
				70BF381F6309881C37B55810 /* Release */,
			);
			defaultConfigurationIsVisible = 0;
			defaultConfigurationName = Debug;
		};
		1B33886CA2B7251EF14B5960 /* Build configuration list for PBXNativeTarget "OrangeLenDocumentBroker" */ = {
			isa = XCConfigurationList;
			buildConfigurations = (
				3E87308B4A3D07E335FC747B /* Debug */,
				9DFDDE4FCF45076A59EF7544 /* Release */,
			);
			defaultConfigurationIsVisible = 0;
			defaultConfigurationName = Debug;
		};
		2D6C0F6A5F6E9329C00826A5 /* Build configuration list for PBXNativeTarget "OrangeLenPreview" */ = {
			isa = XCConfigurationList;
			buildConfigurations = (
				6DC04A5B30BB0E9550B352B6 /* Debug */,
				413D57763EE572768334F65B /* Release */,
			);
			defaultConfigurationIsVisible = 0;
			defaultConfigurationName = Debug;
		};
		40EDD61390A1EE54A867F134 /* Build configuration list for PBXNativeTarget "OrangeLenPreviewBooks" */ = {
			isa = XCConfigurationList;
			buildConfigurations = (
				5D41E4DC8D411163F781F7C8 /* Debug */,
				F9AF3FCEC8F30D7139EA771C /* Release */,
			);
			defaultConfigurationIsVisible = 0;
			defaultConfigurationName = Debug;
		};
		417D93E47F8A2B04A404B71F /* Build configuration list for PBXNativeTarget "OrangeLenPreviewMarkdown" */ = {
			isa = XCConfigurationList;
			buildConfigurations = (
				9F3781D0CDA5E821DEE42B75 /* Debug */,
				C990BF07D352B163E23D47DB /* Release */,
			);
			defaultConfigurationIsVisible = 0;
			defaultConfigurationName = Debug;
		};
		42BB3A7EA42D9DA05ACD7E58 /* Build configuration list for PBXNativeTarget "OrangeLenPreviewData" */ = {
			isa = XCConfigurationList;
			buildConfigurations = (
				CA3E9B81FFB0D42E16288422 /* Debug */,
				A1B09A3A301936C669DCF750 /* Release */,
			);
			defaultConfigurationIsVisible = 0;
			defaultConfigurationName = Debug;
		};
		5EDB6F8745FAC20303A133E8 /* Build configuration list for PBXNativeTarget "OrangeLenImageBroker" */ = {
			isa = XCConfigurationList;
			buildConfigurations = (
				50B121496D6E2F5D9DFF791A /* Debug */,
				CD6D20C0BF22B59147701C08 /* Release */,
			);
			defaultConfigurationIsVisible = 0;
			defaultConfigurationName = Debug;
		};
		6F773A62D1ABBC628579A61C /* Build configuration list for PBXNativeTarget "OrangeLenPreviewDrawings" */ = {
			isa = XCConfigurationList;
			buildConfigurations = (
				D0D3556FC244E3DBF5BBB40F /* Debug */,
				EDC50137845A7666491593FC /* Release */,
			);
			defaultConfigurationIsVisible = 0;
			defaultConfigurationName = Debug;
		};
		AAACD04F2CA2AEC1EA2A1441 /* Build configuration list for PBXProject "OrangeLen" */ = {
			isa = XCConfigurationList;
			buildConfigurations = (
				3EE220CADF47810D28B85709 /* Debug */,
				1D5B448F7EB8D4D268A3A1D2 /* Release */,
			);
			defaultConfigurationIsVisible = 0;
			defaultConfigurationName = Debug;
		};
		ABDF0277DAFB225301E77802 /* Build configuration list for PBXNativeTarget "OrangeLen" */ = {
			isa = XCConfigurationList;
			buildConfigurations = (
				C782C5DC17C79E8B307EE392 /* Debug */,
				9ADA0ADCBDB7656CEF79FF73 /* Release */,
			);
			defaultConfigurationIsVisible = 0;
			defaultConfigurationName = Debug;
		};
		B3F6A3D9D7AC1899E0208183 /* Build configuration list for PBXNativeTarget "OrangeLenPreviewFolders" */ = {
			isa = XCConfigurationList;
			buildConfigurations = (
				30555F20811C4A657A7ADEED /* Debug */,
				D9C15BE4F28BCB1B72E6AE8E /* Release */,
			);
			defaultConfigurationIsVisible = 0;
			defaultConfigurationName = Debug;
		};
		BF9842A2AC7E738A6AC23DF3 /* Build configuration list for PBXNativeTarget "OrangeLenNativeTests" */ = {
			isa = XCConfigurationList;
			buildConfigurations = (
				4BE05D7471FD0434955F549A /* Debug */,
				15F2746C15B0012FBFC59783 /* Release */,
			);
			defaultConfigurationIsVisible = 0;
			defaultConfigurationName = Debug;
		};
/* End XCConfigurationList section */

/* Begin XCLocalSwiftPackageReference section */
		9E4743E201A963E85F77E24C /* XCLocalSwiftPackageReference "Packages/OrangeLen" */ = {
			isa = XCLocalSwiftPackageReference;
			relativePath = Packages/OrangeLen;
		};
/* End XCLocalSwiftPackageReference section */

/* Begin XCSwiftPackageProductDependency section */
		2241A87AFA321FA146A5A54A /* OrangeLenUI */ = {
			isa = XCSwiftPackageProductDependency;
			productName = OrangeLenUI;
		};
		30D1B581E05B8E0516C61C8D /* OrangeLenUI */ = {
			isa = XCSwiftPackageProductDependency;
			productName = OrangeLenUI;
		};
		42C5F839A6EC25E572872E32 /* OrangeLenUI */ = {
			isa = XCSwiftPackageProductDependency;
			productName = OrangeLenUI;
		};
		45EBDEFE651FB624FE12337A /* OrangeLenUI */ = {
			isa = XCSwiftPackageProductDependency;
			productName = OrangeLenUI;
		};
		61C00F684C7EE5F46DB43F64 /* OrangeLenUI */ = {
			isa = XCSwiftPackageProductDependency;
			productName = OrangeLenUI;
		};
		72A62C92F98ADD9FC9E6A66A /* OrangeLenCore */ = {
			isa = XCSwiftPackageProductDependency;
			productName = OrangeLenCore;
		};
		769FE336D3C1796ABA6EFD1C /* OrangeLenUI */ = {
			isa = XCSwiftPackageProductDependency;
			productName = OrangeLenUI;
		};
		98A78709DAF88A62C1BBE8CC /* OrangeLenUI */ = {
			isa = XCSwiftPackageProductDependency;
			productName = OrangeLenUI;
		};
		BFFB72289C463838E6D70059 /* OrangeLenCore */ = {
			isa = XCSwiftPackageProductDependency;
			productName = OrangeLenCore;
		};
		CDECED808730D628044615F7 /* OrangeLenUI */ = {
			isa = XCSwiftPackageProductDependency;
			productName = OrangeLenUI;
		};
		F73635A29527A436FE4E7D8E /* OrangeLenCore */ = {
			isa = XCSwiftPackageProductDependency;
			productName = OrangeLenCore;
		};
		FC4D73868231FF7143F14A2D /* OrangeLenUI */ = {
			isa = XCSwiftPackageProductDependency;
			productName = OrangeLenUI;
		};
/* End XCSwiftPackageProductDependency section */
	};
	rootObject = 53FBB2D914FB24BEDE6AD2DF /* Project object */;
}
